// !$*UTF8*$!
{
	archiveVersion = 1;
	classes = {
	};
	objectVersion = 46;
	objects = {

/* Begin PBXBuildFile section */
		7A018E291314F43B00A8234A /* addButton.png in Resources */ = {isa = PBXBuildFile; fileRef = 7A018E281314F43B00A8234A /* addButton.png */; };
		7A018E2C1314F44400A8234A /* settingsButton.png in Resources */ = {isa = PBXBuildFile; fileRef = 7A018E2B1314F44400A8234A /* settingsButton.png */; };
		7A0CAC16130F349500E07405 /* ShadowedTornEdgeView.m in Sources */ = {isa = PBXBuildFile; fileRef = 7A0CAC15130F349400E07405 /* ShadowedTornEdgeView.m */; };
		7A0CAC1A130F389700E07405 /* StyledViewController.m in Sources */ = {isa = PBXBuildFile; fileRef = 7A0CAC19130F389600E07405 /* StyledViewController.m */; };
		7A0CAC1C130F3BA900E07405 /* StyledViewController.xib in Resources */ = {isa = PBXBuildFile; fileRef = 7A0CAC1B130F3BA900E07405 /* StyledViewController.xib */; };
		7A0CAC1F130F4E0200E07405 /* CardboardNavBar.m in Sources */ = {isa = PBXBuildFile; fileRef = 7A0CAC1E130F4E0100E07405 /* CardboardNavBar.m */; };
		7A0CAC22130F4ECD00E07405 /* CardboardGradient.m in Sources */ = {isa = PBXBuildFile; fileRef = 7A0CAC21130F4ECD00E07405 /* CardboardGradient.m */; };
		7A0CAC2E130F546300E07405 /* CustomNavigationBar.m in Sources */ = {isa = PBXBuildFile; fileRef = 7A0CAC2D130F546100E07405 /* CustomNavigationBar.m */; };
		7A0CAC37130F774D00E07405 /* navigationBarBackButton.png in Resources */ = {isa = PBXBuildFile; fileRef = 7A0CAC35130F774D00E07405 /* navigationBarBackButton.png */; };
		7A0CAC38130F774D00E07405 /* navigationBarBackButton@2x.png in Resources */ = {isa = PBXBuildFile; fileRef = 7A0CAC36130F774D00E07405 /* navigationBarBackButton@2x.png */; };
		7A0CAC3A130F7AF600E07405 /* customBarButton.png in Resources */ = {isa = PBXBuildFile; fileRef = 7A0CAC39130F7AF600E07405 /* customBarButton.png */; };
		7A17C2731310663E001F306B /* taskViewHeader@2x.png in Resources */ = {isa = PBXBuildFile; fileRef = 7A17C2721310663E001F306B /* taskViewHeader@2x.png */; };
		7A17C27613106BB3001F306B /* taskViewHeader.png in Resources */ = {isa = PBXBuildFile; fileRef = 7A17C27513106BB3001F306B /* taskViewHeader.png */; };
		7A17C27A1310F814001F306B /* paperTear.png in Resources */ = {isa = PBXBuildFile; fileRef = 7A17C2791310F814001F306B /* paperTear.png */; };
		7A17C28413111322001F306B /* customBarButton@2x.png in Resources */ = {isa = PBXBuildFile; fileRef = 7A17C28313111322001F306B /* customBarButton@2x.png */; };
		7A17C28D131192EE001F306B /* StyledTableViewController.m in Sources */ = {isa = PBXBuildFile; fileRef = 7A17C28C131192E5001F306B /* StyledTableViewController.m */; };
		7A17C28F1311C1C0001F306B /* customBarButtonPress.png in Resources */ = {isa = PBXBuildFile; fileRef = 7A17C28E1311C1C0001F306B /* customBarButtonPress.png */; };
		7A17C2931311C5C8001F306B /* customBarButtonPress@2x.png in Resources */ = {isa = PBXBuildFile; fileRef = 7A17C2921311C5C8001F306B /* customBarButtonPress@2x.png */; };
		7A17C29F1311E842001F306B /* Default.png in Resources */ = {isa = PBXBuildFile; fileRef = 7A17C29E1311E83F001F306B /* Default.png */; };
		7A1BD4CC13099AD800F52EF6 /* InfoViewController.m in Sources */ = {isa = PBXBuildFile; fileRef = 7A1BD4CB13099AD800F52EF6 /* InfoViewController.m */; };
		7A2A3F4F13155C0C00A95656 /* RootViewController.xib in Resources */ = {isa = PBXBuildFile; fileRef = 7A2A3F4E13155C0C00A95656 /* RootViewController.xib */; };
		7A2A3F5113155CD000A95656 /* NewTaskViewController.xib in Resources */ = {isa = PBXBuildFile; fileRef = 7A2A3F5013155CD000A95656 /* NewTaskViewController.xib */; };
		7A2D9859130C2D230080063F /* checked@2x.png in Resources */ = {isa = PBXBuildFile; fileRef = 7A2D9858130C2D230080063F /* checked@2x.png */; };
		7A2D985C130C2D400080063F /* unchecked@2x.png in Resources */ = {isa = PBXBuildFile; fileRef = 7A2D985B130C2D400080063F /* unchecked@2x.png */; };
		7A33754D1309BE5E0052F24F /* AIShadowGradient.m in Sources */ = {isa = PBXBuildFile; fileRef = 7A33754C1309BE5E0052F24F /* AIShadowGradient.m */; };
		7A337551130A1DD40052F24F /* NotebookView.m in Sources */ = {isa = PBXBuildFile; fileRef = 7A337550130A1DD40052F24F /* NotebookView.m */; };
		7A337556130A40BB0052F24F /* TornEdgeView.m in Sources */ = {isa = PBXBuildFile; fileRef = 7A337555130A40BB0052F24F /* TornEdgeView.m */; };
		7A45D1631307642E00DE1BBE /* UIKit.framework in Frameworks */ = {isa = PBXBuildFile; fileRef = 7A45D1621307642E00DE1BBE /* UIKit.framework */; };
		7A45D1651307642E00DE1BBE /* Foundation.framework in Frameworks */ = {isa = PBXBuildFile; fileRef = 7A45D1641307642E00DE1BBE /* Foundation.framework */; };
		7A45D1671307642E00DE1BBE /* CoreGraphics.framework in Frameworks */ = {isa = PBXBuildFile; fileRef = 7A45D1661307642E00DE1BBE /* CoreGraphics.framework */; };
		7A45D1691307642E00DE1BBE /* CoreData.framework in Frameworks */ = {isa = PBXBuildFile; fileRef = 7A45D1681307642E00DE1BBE /* CoreData.framework */; };
		7A45D16F1307642E00DE1BBE /* InfoPlist.strings in Resources */ = {isa = PBXBuildFile; fileRef = 7A45D16D1307642E00DE1BBE /* InfoPlist.strings */; };
		7A45D1721307642E00DE1BBE /* main.m in Sources */ = {isa = PBXBuildFile; fileRef = 7A45D1711307642E00DE1BBE /* main.m */; };
		7A45D1751307642E00DE1BBE /* PerdiemAppDelegate.m in Sources */ = {isa = PBXBuildFile; fileRef = 7A45D1741307642E00DE1BBE /* PerdiemAppDelegate.m */; };
		7A45D1781307642E00DE1BBE /* Perdiem.xcdatamodeld in Sources */ = {isa = PBXBuildFile; fileRef = 7A45D1761307642E00DE1BBE /* Perdiem.xcdatamodeld */; };
		7A45D17B1307642E00DE1BBE /* MainWindow.xib in Resources */ = {isa = PBXBuildFile; fileRef = 7A45D1791307642E00DE1BBE /* MainWindow.xib */; };
		7A45D17E1307642E00DE1BBE /* RootViewController.m in Sources */ = {isa = PBXBuildFile; fileRef = 7A45D17D1307642E00DE1BBE /* RootViewController.m */; };
		7A45D1881307642E00DE1BBE /* UIKit.framework in Frameworks */ = {isa = PBXBuildFile; fileRef = 7A45D1621307642E00DE1BBE /* UIKit.framework */; };
		7A45D1891307642E00DE1BBE /* Foundation.framework in Frameworks */ = {isa = PBXBuildFile; fileRef = 7A45D1641307642E00DE1BBE /* Foundation.framework */; };
		7A45D18A1307642E00DE1BBE /* CoreGraphics.framework in Frameworks */ = {isa = PBXBuildFile; fileRef = 7A45D1661307642E00DE1BBE /* CoreGraphics.framework */; };
		7A45D18B1307642E00DE1BBE /* CoreData.framework in Frameworks */ = {isa = PBXBuildFile; fileRef = 7A45D1681307642E00DE1BBE /* CoreData.framework */; };
		7A45D1931307642E00DE1BBE /* InfoPlist.strings in Resources */ = {isa = PBXBuildFile; fileRef = 7A45D1911307642E00DE1BBE /* InfoPlist.strings */; };
		7A45D1961307642E00DE1BBE /* PerdiemTests.h in Resources */ = {isa = PBXBuildFile; fileRef = 7A45D1951307642E00DE1BBE /* PerdiemTests.h */; };
		7A45D1981307642E00DE1BBE /* PerdiemTests.m in Sources */ = {isa = PBXBuildFile; fileRef = 7A45D1971307642E00DE1BBE /* PerdiemTests.m */; };
		7A4F0E811311E99200C713C1 /* Default@2x.png in Resources */ = {isa = PBXBuildFile; fileRef = 7A4F0E801311E99200C713C1 /* Default@2x.png */; };
		7A4F0E83131287F600C713C1 /* Icon_57.png in Resources */ = {isa = PBXBuildFile; fileRef = 7A4F0E82131287F500C713C1 /* Icon_57.png */; };
		7A4F0E851312880C00C713C1 /* Icon_114.png in Resources */ = {isa = PBXBuildFile; fileRef = 7A4F0E841312880B00C713C1 /* Icon_114.png */; };
		7A6B6217131576D5009D13B3 /* InfoViewController.xib in Resources */ = {isa = PBXBuildFile; fileRef = 7A6B6216131576D5009D13B3 /* InfoViewController.xib */; };
		7A758DD91315970A00928E25 /* addButtonPress.png in Resources */ = {isa = PBXBuildFile; fileRef = 7A758DD81315970A00928E25 /* addButtonPress.png */; };
		7A758DDC1315980700928E25 /* settingsButtonPress.png in Resources */ = {isa = PBXBuildFile; fileRef = 7A758DDB1315980700928E25 /* settingsButtonPress.png */; };
		7A7AEA9A1316F9AF00EFD5AB /* StoreKit.framework in Frameworks */ = {isa = PBXBuildFile; fileRef = 7A7AEA991316F9AF00EFD5AB /* StoreKit.framework */; };
		7A7AEA9F1316FF4A00EFD5AB /* InAppPurchaseManager.m in Sources */ = {isa = PBXBuildFile; fileRef = 7A7AEA9E1316FF4A00EFD5AB /* InAppPurchaseManager.m */; };
		7A7AEAA21316FFFB00EFD5AB /* SKProduct+LocalizedPrice.m in Sources */ = {isa = PBXBuildFile; fileRef = 7A7AEAA11316FFFB00EFD5AB /* SKProduct+LocalizedPrice.m */; };
		7A7AEAA91318484B00EFD5AB /* customNavBar@2x.png in Resources */ = {isa = PBXBuildFile; fileRef = 7A7AEAA81318484B00EFD5AB /* customNavBar@2x.png */; };
		7A7AEAAB1318599F00EFD5AB /* customNavBar.png in Resources */ = {isa = PBXBuildFile; fileRef = 7A7AEAAA1318599F00EFD5AB /* customNavBar.png */; };
		7A7AEAC61319E6FA00EFD5AB /* UILabel+sizeToFitFixedWidth.m in Sources */ = {isa = PBXBuildFile; fileRef = 7A7AEAC51319E6EE00EFD5AB /* UILabel+sizeToFitFixedWidth.m */; };
		7A7AEAC81319EA2100EFD5AB /* TaskViewController.xib in Resources */ = {isa = PBXBuildFile; fileRef = 7A7AEAC71319EA2000EFD5AB /* TaskViewController.xib */; };
		7A82278C130EDE2900CEDBA9 /* SelectedCellView.m in Sources */ = {isa = PBXBuildFile; fileRef = 7A82278B130EDE2900CEDBA9 /* SelectedCellView.m */; };
		7A822796130EFB9500CEDBA9 /* TopShadowGradient.m in Sources */ = {isa = PBXBuildFile; fileRef = 7A822795130EFB9500CEDBA9 /* TopShadowGradient.m */; };
		7A822799130EFCF400CEDBA9 /* TopShadow.m in Sources */ = {isa = PBXBuildFile; fileRef = 7A822798130EFCF200CEDBA9 /* TopShadow.m */; };
		7A8227A4130F141F00CEDBA9 /* FullViewTaskCell.m in Sources */ = {isa = PBXBuildFile; fileRef = 7A8227A3130F141F00CEDBA9 /* FullViewTaskCell.m */; };
		7A8227A6130F148600CEDBA9 /* FullViewTaskCell.xib in Resources */ = {isa = PBXBuildFile; fileRef = 7A8227A5130F148600CEDBA9 /* FullViewTaskCell.xib */; };
		7A8227B1130F1E3300CEDBA9 /* LinedView.m in Sources */ = {isa = PBXBuildFile; fileRef = 7A8227B0130F1E2E00CEDBA9 /* LinedView.m */; };
		7A86C2A4130F9E7D00F20055 /* taskViewFooter.png in Resources */ = {isa = PBXBuildFile; fileRef = 7A86C2A3130F9E7D00F20055 /* taskViewFooter.png */; };
		7A86C2A6130FAAC600F20055 /* taskViewBackground.png in Resources */ = {isa = PBXBuildFile; fileRef = 7A86C2A5130FAAC600F20055 /* taskViewBackground.png */; };
		7A86C2A8130FBB6200F20055 /* taskViewBackground@2x.png in Resources */ = {isa = PBXBuildFile; fileRef = 7A86C2A7130FBB6200F20055 /* taskViewBackground@2x.png */; };
		7A86C2AA130FBB6E00F20055 /* taskViewFooter@2x.png in Resources */ = {isa = PBXBuildFile; fileRef = 7A86C2A9130FBB6E00F20055 /* taskViewFooter@2x.png */; };
		7A86C2AC130FBE1600F20055 /* paperTear@2x.png in Resources */ = {isa = PBXBuildFile; fileRef = 7A86C2AB130FBE1600F20055 /* paperTear@2x.png */; };
		7A940E0913161AA600449099 /* addButton@2x.png in Resources */ = {isa = PBXBuildFile; fileRef = 7A940E0513161AA400449099 /* addButton@2x.png */; };
		7A940E0A13161AA600449099 /* addButtonPress@2x.png in Resources */ = {isa = PBXBuildFile; fileRef = 7A940E0613161AA400449099 /* addButtonPress@2x.png */; };
		7A940E0B13161AA600449099 /* settingsButton@2x.png in Resources */ = {isa = PBXBuildFile; fileRef = 7A940E0713161AA400449099 /* settingsButton@2x.png */; };
		7A940E0C13161AA600449099 /* settingsButtonPress@2x.png in Resources */ = {isa = PBXBuildFile; fileRef = 7A940E0813161AA500449099 /* settingsButtonPress@2x.png */; };
		7AC1516E130781A100DFF2EF /* NewTaskViewController.m in Sources */ = {isa = PBXBuildFile; fileRef = 7AC1516D130781A100DFF2EF /* NewTaskViewController.m */; };
		7AC1517213079B5C00DFF2EF /* TaskViewController.m in Sources */ = {isa = PBXBuildFile; fileRef = 7AC1517113079B5C00DFF2EF /* TaskViewController.m */; };
		7AC1517513079BC900DFF2EF /* Task.m in Sources */ = {isa = PBXBuildFile; fileRef = 7AC1517413079BC900DFF2EF /* Task.m */; };
		7ACEDF0013084AF100106413 /* TaskCell.m in Sources */ = {isa = PBXBuildFile; fileRef = 7ACEDEFE13084AEF00106413 /* TaskCell.m */; };
		7ACEDF0A13084D7A00106413 /* TaskCell.xib in Resources */ = {isa = PBXBuildFile; fileRef = 7ACEDF0913084D7A00106413 /* TaskCell.xib */; };
		7ACEDF201308D9E400106413 /* AICellGradient.m in Sources */ = {isa = PBXBuildFile; fileRef = 7ACEDF1F1308D9E200106413 /* AICellGradient.m */; };
		7ACEDF221308DB3800106413 /* QuartzCore.framework in Frameworks */ = {isa = PBXBuildFile; fileRef = 7ACEDF211308DB3700106413 /* QuartzCore.framework */; };
		7ACEDF411308F6F200106413 /* checked.png in Resources */ = {isa = PBXBuildFile; fileRef = 7ACEDF3F1308F6F200106413 /* checked.png */; };
		7ACEDF421308F6F200106413 /* unchecked.png in Resources */ = {isa = PBXBuildFile; fileRef = 7ACEDF401308F6F200106413 /* unchecked.png */; };
		7AFA26821313176300A917AC /* iAd.framework in Frameworks */ = {isa = PBXBuildFile; fileRef = 7AFA26811313176300A917AC /* iAd.framework */; settings = {ATTRIBUTES = (Weak, ); }; };
		7AFDB5671314B9D300FE61F5 /* infoBackground.png in Resources */ = {isa = PBXBuildFile; fileRef = 7AFDB5661314B9D300FE61F5 /* infoBackground.png */; };
		7AFDB5691314BCA300FE61F5 /* upgradeButton.png in Resources */ = {isa = PBXBuildFile; fileRef = 7AFDB5681314BCA300FE61F5 /* upgradeButton.png */; };
		7AFDB56B1314BD8000FE61F5 /* followButton.png in Resources */ = {isa = PBXBuildFile; fileRef = 7AFDB56A1314BD8000FE61F5 /* followButton.png */; };
		7AFDB56D1314DC5C00FE61F5 /* infoBackground@2x.png in Resources */ = {isa = PBXBuildFile; fileRef = 7AFDB56C1314DC5900FE61F5 /* infoBackground@2x.png */; };
		7AFDB56F1314DC6D00FE61F5 /* upgradeButton@2x.png in Resources */ = {isa = PBXBuildFile; fileRef = 7AFDB56E1314DC6A00FE61F5 /* upgradeButton@2x.png */; };
		7AFDB5711314DC8000FE61F5 /* followButton@2x.png in Resources */ = {isa = PBXBuildFile; fileRef = 7AFDB5701314DC7D00FE61F5 /* followButton@2x.png */; };
/* End PBXBuildFile section */

/* Begin PBXContainerItemProxy section */
		7A45D18C1307642E00DE1BBE /* PBXContainerItemProxy */ = {
			isa = PBXContainerItemProxy;
			containerPortal = 7A45D1551307642D00DE1BBE /* Project object */;
			proxyType = 1;
			remoteGlobalIDString = 7A45D15D1307642E00DE1BBE;
			remoteInfo = Perdiem;
		};
/* End PBXContainerItemProxy section */

/* Begin PBXFileReference section */
		7A018E281314F43B00A8234A /* addButton.png */ = {isa = PBXFileReference; lastKnownFileType = image.png; path = addButton.png; sourceTree = "<group>"; };
		7A018E2B1314F44400A8234A /* settingsButton.png */ = {isa = PBXFileReference; lastKnownFileType = image.png; path = settingsButton.png; sourceTree = "<group>"; };
		7A0CAC14130F349400E07405 /* ShadowedTornEdgeView.h */ = {isa = PBXFileReference; fileEncoding = 4; lastKnownFileType = sourcecode.c.h; path = ShadowedTornEdgeView.h; sourceTree = "<group>"; };
		7A0CAC15130F349400E07405 /* ShadowedTornEdgeView.m */ = {isa = PBXFileReference; fileEncoding = 4; lastKnownFileType = sourcecode.c.objc; path = ShadowedTornEdgeView.m; sourceTree = "<group>"; };
		7A0CAC18130F389600E07405 /* StyledViewController.h */ = {isa = PBXFileReference; fileEncoding = 4; lastKnownFileType = sourcecode.c.h; path = StyledViewController.h; sourceTree = "<group>"; };
		7A0CAC19130F389600E07405 /* StyledViewController.m */ = {isa = PBXFileReference; fileEncoding = 4; lastKnownFileType = sourcecode.c.objc; path = StyledViewController.m; sourceTree = "<group>"; };
		7A0CAC1B130F3BA900E07405 /* StyledViewController.xib */ = {isa = PBXFileReference; fileEncoding = 4; lastKnownFileType = file.xib; path = StyledViewController.xib; sourceTree = "<group>"; };
		7A0CAC1D130F4E0000E07405 /* CardboardNavBar.h */ = {isa = PBXFileReference; fileEncoding = 4; lastKnownFileType = sourcecode.c.h; path = CardboardNavBar.h; sourceTree = "<group>"; };
		7A0CAC1E130F4E0100E07405 /* CardboardNavBar.m */ = {isa = PBXFileReference; fileEncoding = 4; lastKnownFileType = sourcecode.c.objc; path = CardboardNavBar.m; sourceTree = "<group>"; };
		7A0CAC20130F4ECD00E07405 /* CardboardGradient.h */ = {isa = PBXFileReference; fileEncoding = 4; lastKnownFileType = sourcecode.c.h; path = CardboardGradient.h; sourceTree = "<group>"; };
		7A0CAC21130F4ECD00E07405 /* CardboardGradient.m */ = {isa = PBXFileReference; fileEncoding = 4; lastKnownFileType = sourcecode.c.objc; path = CardboardGradient.m; sourceTree = "<group>"; };
		7A0CAC2C130F546100E07405 /* CustomNavigationBar.h */ = {isa = PBXFileReference; fileEncoding = 4; lastKnownFileType = sourcecode.c.h; path = CustomNavigationBar.h; sourceTree = "<group>"; };
		7A0CAC2D130F546100E07405 /* CustomNavigationBar.m */ = {isa = PBXFileReference; fileEncoding = 4; lastKnownFileType = sourcecode.c.objc; path = CustomNavigationBar.m; sourceTree = "<group>"; };
		7A0CAC35130F774D00E07405 /* navigationBarBackButton.png */ = {isa = PBXFileReference; lastKnownFileType = image.png; path = navigationBarBackButton.png; sourceTree = "<group>"; };
		7A0CAC36130F774D00E07405 /* navigationBarBackButton@2x.png */ = {isa = PBXFileReference; lastKnownFileType = image.png; path = "navigationBarBackButton@2x.png"; sourceTree = "<group>"; };
		7A0CAC39130F7AF600E07405 /* customBarButton.png */ = {isa = PBXFileReference; lastKnownFileType = image.png; path = customBarButton.png; sourceTree = "<group>"; };
		7A17C2721310663E001F306B /* taskViewHeader@2x.png */ = {isa = PBXFileReference; lastKnownFileType = image.png; path = "taskViewHeader@2x.png"; sourceTree = "<group>"; };
		7A17C27513106BB3001F306B /* taskViewHeader.png */ = {isa = PBXFileReference; lastKnownFileType = image.png; path = taskViewHeader.png; sourceTree = "<group>"; };
		7A17C2791310F814001F306B /* paperTear.png */ = {isa = PBXFileReference; lastKnownFileType = image.png; path = paperTear.png; sourceTree = "<group>"; };
		7A17C28313111322001F306B /* customBarButton@2x.png */ = {isa = PBXFileReference; lastKnownFileType = image.png; path = "customBarButton@2x.png"; sourceTree = "<group>"; };
		7A17C28B131192E1001F306B /* StyledTableViewController.h */ = {isa = PBXFileReference; fileEncoding = 4; lastKnownFileType = sourcecode.c.h; path = StyledTableViewController.h; sourceTree = "<group>"; };
		7A17C28C131192E5001F306B /* StyledTableViewController.m */ = {isa = PBXFileReference; fileEncoding = 4; lastKnownFileType = sourcecode.c.objc; path = StyledTableViewController.m; sourceTree = "<group>"; };
		7A17C28E1311C1C0001F306B /* customBarButtonPress.png */ = {isa = PBXFileReference; lastKnownFileType = image.png; path = customBarButtonPress.png; sourceTree = "<group>"; };
		7A17C2921311C5C8001F306B /* customBarButtonPress@2x.png */ = {isa = PBXFileReference; lastKnownFileType = image.png; path = "customBarButtonPress@2x.png"; sourceTree = "<group>"; };
		7A17C29E1311E83F001F306B /* Default.png */ = {isa = PBXFileReference; lastKnownFileType = image.png; name = Default.png; path = ../Default.png; sourceTree = "<group>"; };
		7A1BD4CA13099AD800F52EF6 /* InfoViewController.h */ = {isa = PBXFileReference; fileEncoding = 4; lastKnownFileType = sourcecode.c.h; path = InfoViewController.h; sourceTree = "<group>"; };
		7A1BD4CB13099AD800F52EF6 /* InfoViewController.m */ = {isa = PBXFileReference; fileEncoding = 4; lastKnownFileType = sourcecode.c.objc; path = InfoViewController.m; sourceTree = "<group>"; };
		7A2A3F4E13155C0C00A95656 /* RootViewController.xib */ = {isa = PBXFileReference; fileEncoding = 4; lastKnownFileType = file.xib; path = RootViewController.xib; sourceTree = "<group>"; };
		7A2A3F5013155CD000A95656 /* NewTaskViewController.xib */ = {isa = PBXFileReference; fileEncoding = 4; lastKnownFileType = file.xib; path = NewTaskViewController.xib; sourceTree = "<group>"; };
		7A2D9858130C2D230080063F /* checked@2x.png */ = {isa = PBXFileReference; lastKnownFileType = image.png; path = "checked@2x.png"; sourceTree = "<group>"; };
		7A2D985B130C2D400080063F /* unchecked@2x.png */ = {isa = PBXFileReference; lastKnownFileType = image.png; path = "unchecked@2x.png"; sourceTree = "<group>"; };
		7A33754B1309BE5E0052F24F /* AIShadowGradient.h */ = {isa = PBXFileReference; fileEncoding = 4; lastKnownFileType = sourcecode.c.h; path = AIShadowGradient.h; sourceTree = "<group>"; };
		7A33754C1309BE5E0052F24F /* AIShadowGradient.m */ = {isa = PBXFileReference; fileEncoding = 4; lastKnownFileType = sourcecode.c.objc; path = AIShadowGradient.m; sourceTree = "<group>"; };
		7A33754F130A1DD40052F24F /* NotebookView.h */ = {isa = PBXFileReference; fileEncoding = 4; lastKnownFileType = sourcecode.c.h; path = NotebookView.h; sourceTree = "<group>"; };
		7A337550130A1DD40052F24F /* NotebookView.m */ = {isa = PBXFileReference; fileEncoding = 4; lastKnownFileType = sourcecode.c.objc; path = NotebookView.m; sourceTree = "<group>"; };
		7A337554130A40BB0052F24F /* TornEdgeView.h */ = {isa = PBXFileReference; fileEncoding = 4; lastKnownFileType = sourcecode.c.h; path = TornEdgeView.h; sourceTree = "<group>"; };
		7A337555130A40BB0052F24F /* TornEdgeView.m */ = {isa = PBXFileReference; fileEncoding = 4; lastKnownFileType = sourcecode.c.objc; path = TornEdgeView.m; sourceTree = "<group>"; };
		7A45D15E1307642E00DE1BBE /* Freshlist.app */ = {isa = PBXFileReference; explicitFileType = wrapper.application; includeInIndex = 0; path = Freshlist.app; sourceTree = BUILT_PRODUCTS_DIR; };
		7A45D1621307642E00DE1BBE /* UIKit.framework */ = {isa = PBXFileReference; lastKnownFileType = wrapper.framework; name = UIKit.framework; path = System/Library/Frameworks/UIKit.framework; sourceTree = SDKROOT; };
		7A45D1641307642E00DE1BBE /* Foundation.framework */ = {isa = PBXFileReference; lastKnownFileType = wrapper.framework; name = Foundation.framework; path = System/Library/Frameworks/Foundation.framework; sourceTree = SDKROOT; };
		7A45D1661307642E00DE1BBE /* CoreGraphics.framework */ = {isa = PBXFileReference; lastKnownFileType = wrapper.framework; name = CoreGraphics.framework; path = System/Library/Frameworks/CoreGraphics.framework; sourceTree = SDKROOT; };
		7A45D1681307642E00DE1BBE /* CoreData.framework */ = {isa = PBXFileReference; lastKnownFileType = wrapper.framework; name = CoreData.framework; path = System/Library/Frameworks/CoreData.framework; sourceTree = SDKROOT; };
		7A45D16C1307642E00DE1BBE /* Perdiem-Info.plist */ = {isa = PBXFileReference; lastKnownFileType = text.plist.xml; path = "Perdiem-Info.plist"; sourceTree = "<group>"; };
		7A45D16E1307642E00DE1BBE /* en */ = {isa = PBXFileReference; lastKnownFileType = text.plist.strings; name = en; path = en.lproj/InfoPlist.strings; sourceTree = "<group>"; };
		7A45D1701307642E00DE1BBE /* Perdiem-Prefix.pch */ = {isa = PBXFileReference; lastKnownFileType = sourcecode.c.h; path = "Perdiem-Prefix.pch"; sourceTree = "<group>"; };
		7A45D1711307642E00DE1BBE /* main.m */ = {isa = PBXFileReference; lastKnownFileType = sourcecode.c.objc; path = main.m; sourceTree = "<group>"; };
		7A45D1731307642E00DE1BBE /* PerdiemAppDelegate.h */ = {isa = PBXFileReference; lastKnownFileType = sourcecode.c.h; path = PerdiemAppDelegate.h; sourceTree = "<group>"; };
		7A45D1741307642E00DE1BBE /* PerdiemAppDelegate.m */ = {isa = PBXFileReference; lastKnownFileType = sourcecode.c.objc; path = PerdiemAppDelegate.m; sourceTree = "<group>"; };
		7A45D1771307642E00DE1BBE /* Perdiem.xcdatamodel */ = {isa = PBXFileReference; lastKnownFileType = wrapper.xcdatamodel; path = Perdiem.xcdatamodel; sourceTree = "<group>"; };
		7A45D17A1307642E00DE1BBE /* en */ = {isa = PBXFileReference; lastKnownFileType = file.xib; name = en; path = en.lproj/MainWindow.xib; sourceTree = "<group>"; };
		7A45D17C1307642E00DE1BBE /* RootViewController.h */ = {isa = PBXFileReference; lastKnownFileType = sourcecode.c.h; path = RootViewController.h; sourceTree = "<group>"; };
		7A45D17D1307642E00DE1BBE /* RootViewController.m */ = {isa = PBXFileReference; lastKnownFileType = sourcecode.c.objc; path = RootViewController.m; sourceTree = "<group>"; };
		7A45D1871307642E00DE1BBE /* PerdiemTests.octest */ = {isa = PBXFileReference; explicitFileType = wrapper.cfbundle; includeInIndex = 0; path = PerdiemTests.octest; sourceTree = BUILT_PRODUCTS_DIR; };
		7A45D1901307642E00DE1BBE /* PerdiemTests-Info.plist */ = {isa = PBXFileReference; lastKnownFileType = text.plist.xml; path = "PerdiemTests-Info.plist"; sourceTree = "<group>"; };
		7A45D1921307642E00DE1BBE /* en */ = {isa = PBXFileReference; lastKnownFileType = text.plist.strings; name = en; path = en.lproj/InfoPlist.strings; sourceTree = "<group>"; };
		7A45D1941307642E00DE1BBE /* PerdiemTests-Prefix.pch */ = {isa = PBXFileReference; lastKnownFileType = sourcecode.c.h; path = "PerdiemTests-Prefix.pch"; sourceTree = "<group>"; };
		7A45D1951307642E00DE1BBE /* PerdiemTests.h */ = {isa = PBXFileReference; lastKnownFileType = sourcecode.c.h; path = PerdiemTests.h; sourceTree = "<group>"; };
		7A45D1971307642E00DE1BBE /* PerdiemTests.m */ = {isa = PBXFileReference; lastKnownFileType = sourcecode.c.objc; path = PerdiemTests.m; sourceTree = "<group>"; };
		7A45D1A11307648000DE1BBE /* Perdiem 2.xcdatamodel */ = {isa = PBXFileReference; lastKnownFileType = wrapper.xcdatamodel; path = "Perdiem 2.xcdatamodel"; sourceTree = "<group>"; };
		7A45D1A21307654200DE1BBE /* Perdiem 3.xcdatamodel */ = {isa = PBXFileReference; lastKnownFileType = wrapper.xcdatamodel; path = "Perdiem 3.xcdatamodel"; sourceTree = "<group>"; };
		7A4F0E801311E99200C713C1 /* Default@2x.png */ = {isa = PBXFileReference; lastKnownFileType = image.png; path = "Default@2x.png"; sourceTree = "<group>"; };
		7A4F0E82131287F500C713C1 /* Icon_57.png */ = {isa = PBXFileReference; lastKnownFileType = image.png; name = Icon_57.png; path = ../Icon_57.png; sourceTree = "<group>"; };
		7A4F0E841312880B00C713C1 /* Icon_114.png */ = {isa = PBXFileReference; lastKnownFileType = image.png; name = Icon_114.png; path = ../Icon_114.png; sourceTree = "<group>"; };
		7A6B6216131576D5009D13B3 /* InfoViewController.xib */ = {isa = PBXFileReference; fileEncoding = 4; lastKnownFileType = file.xib; path = InfoViewController.xib; sourceTree = "<group>"; };
		7A758DD81315970A00928E25 /* addButtonPress.png */ = {isa = PBXFileReference; lastKnownFileType = image.png; path = addButtonPress.png; sourceTree = "<group>"; };
		7A758DDB1315980700928E25 /* settingsButtonPress.png */ = {isa = PBXFileReference; lastKnownFileType = image.png; path = settingsButtonPress.png; sourceTree = "<group>"; };
		7A7AEA991316F9AF00EFD5AB /* StoreKit.framework */ = {isa = PBXFileReference; lastKnownFileType = wrapper.framework; name = StoreKit.framework; path = System/Library/Frameworks/StoreKit.framework; sourceTree = SDKROOT; };
		7A7AEA9D1316FF4A00EFD5AB /* InAppPurchaseManager.h */ = {isa = PBXFileReference; fileEncoding = 4; lastKnownFileType = sourcecode.c.h; path = InAppPurchaseManager.h; sourceTree = "<group>"; };
		7A7AEA9E1316FF4A00EFD5AB /* InAppPurchaseManager.m */ = {isa = PBXFileReference; fileEncoding = 4; lastKnownFileType = sourcecode.c.objc; path = InAppPurchaseManager.m; sourceTree = "<group>"; };
		7A7AEAA01316FFFB00EFD5AB /* SKProduct+LocalizedPrice.h */ = {isa = PBXFileReference; fileEncoding = 4; lastKnownFileType = sourcecode.c.h; path = "SKProduct+LocalizedPrice.h"; sourceTree = "<group>"; };
		7A7AEAA11316FFFB00EFD5AB /* SKProduct+LocalizedPrice.m */ = {isa = PBXFileReference; fileEncoding = 4; lastKnownFileType = sourcecode.c.objc; path = "SKProduct+LocalizedPrice.m"; sourceTree = "<group>"; };
		7A7AEAA81318484B00EFD5AB /* customNavBar@2x.png */ = {isa = PBXFileReference; lastKnownFileType = image.png; path = "customNavBar@2x.png"; sourceTree = "<group>"; };
		7A7AEAAA1318599F00EFD5AB /* customNavBar.png */ = {isa = PBXFileReference; lastKnownFileType = image.png; path = customNavBar.png; sourceTree = "<group>"; };
		7A7AEAC41319E6E800EFD5AB /* UILabel+sizeToFitFixedWidth.h */ = {isa = PBXFileReference; fileEncoding = 4; lastKnownFileType = sourcecode.c.h; path = "UILabel+sizeToFitFixedWidth.h"; sourceTree = "<group>"; };
		7A7AEAC51319E6EE00EFD5AB /* UILabel+sizeToFitFixedWidth.m */ = {isa = PBXFileReference; fileEncoding = 4; lastKnownFileType = sourcecode.c.objc; path = "UILabel+sizeToFitFixedWidth.m"; sourceTree = "<group>"; };
		7A7AEAC71319EA2000EFD5AB /* TaskViewController.xib */ = {isa = PBXFileReference; fileEncoding = 4; lastKnownFileType = file.xib; path = TaskViewController.xib; sourceTree = "<group>"; };
		7A82278A130EDE2900CEDBA9 /* SelectedCellView.h */ = {isa = PBXFileReference; fileEncoding = 4; lastKnownFileType = sourcecode.c.h; path = SelectedCellView.h; sourceTree = "<group>"; };
		7A82278B130EDE2900CEDBA9 /* SelectedCellView.m */ = {isa = PBXFileReference; fileEncoding = 4; lastKnownFileType = sourcecode.c.objc; path = SelectedCellView.m; sourceTree = "<group>"; };
		7A822794130EFB9500CEDBA9 /* TopShadowGradient.h */ = {isa = PBXFileReference; fileEncoding = 4; lastKnownFileType = sourcecode.c.h; path = TopShadowGradient.h; sourceTree = "<group>"; };
		7A822795130EFB9500CEDBA9 /* TopShadowGradient.m */ = {isa = PBXFileReference; fileEncoding = 4; lastKnownFileType = sourcecode.c.objc; path = TopShadowGradient.m; sourceTree = "<group>"; };
		7A822797130EFCF200CEDBA9 /* TopShadow.h */ = {isa = PBXFileReference; fileEncoding = 4; lastKnownFileType = sourcecode.c.h; path = TopShadow.h; sourceTree = "<group>"; };
		7A822798130EFCF200CEDBA9 /* TopShadow.m */ = {isa = PBXFileReference; fileEncoding = 4; lastKnownFileType = sourcecode.c.objc; path = TopShadow.m; sourceTree = "<group>"; };
		7A8227A2130F141F00CEDBA9 /* FullViewTaskCell.h */ = {isa = PBXFileReference; fileEncoding = 4; lastKnownFileType = sourcecode.c.h; path = FullViewTaskCell.h; sourceTree = "<group>"; };
		7A8227A3130F141F00CEDBA9 /* FullViewTaskCell.m */ = {isa = PBXFileReference; fileEncoding = 4; lastKnownFileType = sourcecode.c.objc; path = FullViewTaskCell.m; sourceTree = "<group>"; };
		7A8227A5130F148600CEDBA9 /* FullViewTaskCell.xib */ = {isa = PBXFileReference; fileEncoding = 4; lastKnownFileType = file.xib; path = FullViewTaskCell.xib; sourceTree = "<group>"; };
		7A8227AF130F1E2C00CEDBA9 /* LinedView.h */ = {isa = PBXFileReference; fileEncoding = 4; lastKnownFileType = sourcecode.c.h; path = LinedView.h; sourceTree = "<group>"; };
		7A8227B0130F1E2E00CEDBA9 /* LinedView.m */ = {isa = PBXFileReference; fileEncoding = 4; lastKnownFileType = sourcecode.c.objc; path = LinedView.m; sourceTree = "<group>"; };
		7A86C2A3130F9E7D00F20055 /* taskViewFooter.png */ = {isa = PBXFileReference; lastKnownFileType = image.png; path = taskViewFooter.png; sourceTree = "<group>"; };
		7A86C2A5130FAAC600F20055 /* taskViewBackground.png */ = {isa = PBXFileReference; lastKnownFileType = image.png; path = taskViewBackground.png; sourceTree = "<group>"; };
		7A86C2A7130FBB6200F20055 /* taskViewBackground@2x.png */ = {isa = PBXFileReference; lastKnownFileType = image.png; path = "taskViewBackground@2x.png"; sourceTree = "<group>"; };
		7A86C2A9130FBB6E00F20055 /* taskViewFooter@2x.png */ = {isa = PBXFileReference; lastKnownFileType = image.png; path = "taskViewFooter@2x.png"; sourceTree = "<group>"; };
		7A86C2AB130FBE1600F20055 /* paperTear@2x.png */ = {isa = PBXFileReference; lastKnownFileType = image.png; path = "paperTear@2x.png"; sourceTree = "<group>"; };
		7A940E0513161AA400449099 /* addButton@2x.png */ = {isa = PBXFileReference; lastKnownFileType = image.png; path = "addButton@2x.png"; sourceTree = "<group>"; };
		7A940E0613161AA400449099 /* addButtonPress@2x.png */ = {isa = PBXFileReference; lastKnownFileType = image.png; path = "addButtonPress@2x.png"; sourceTree = "<group>"; };
		7A940E0713161AA400449099 /* settingsButton@2x.png */ = {isa = PBXFileReference; lastKnownFileType = image.png; path = "settingsButton@2x.png"; sourceTree = "<group>"; };
		7A940E0813161AA500449099 /* settingsButtonPress@2x.png */ = {isa = PBXFileReference; lastKnownFileType = image.png; path = "settingsButtonPress@2x.png"; sourceTree = "<group>"; };
		7AC1516C130781A100DFF2EF /* NewTaskViewController.h */ = {isa = PBXFileReference; fileEncoding = 4; lastKnownFileType = sourcecode.c.h; path = NewTaskViewController.h; sourceTree = "<group>"; };
		7AC1516D130781A100DFF2EF /* NewTaskViewController.m */ = {isa = PBXFileReference; fileEncoding = 4; lastKnownFileType = sourcecode.c.objc; path = NewTaskViewController.m; sourceTree = "<group>"; };
		7AC1517013079B5C00DFF2EF /* TaskViewController.h */ = {isa = PBXFileReference; fileEncoding = 4; lastKnownFileType = sourcecode.c.h; path = TaskViewController.h; sourceTree = "<group>"; };
		7AC1517113079B5C00DFF2EF /* TaskViewController.m */ = {isa = PBXFileReference; fileEncoding = 4; lastKnownFileType = sourcecode.c.objc; path = TaskViewController.m; sourceTree = "<group>"; };
		7AC1517313079BC900DFF2EF /* Task.h */ = {isa = PBXFileReference; fileEncoding = 4; lastKnownFileType = sourcecode.c.h; path = Task.h; sourceTree = "<group>"; };
		7AC1517413079BC900DFF2EF /* Task.m */ = {isa = PBXFileReference; fileEncoding = 4; lastKnownFileType = sourcecode.c.objc; path = Task.m; sourceTree = "<group>"; };
		7ACEDEFD13084AEE00106413 /* TaskCell.h */ = {isa = PBXFileReference; fileEncoding = 4; lastKnownFileType = sourcecode.c.h; path = TaskCell.h; sourceTree = "<group>"; };
		7ACEDEFE13084AEF00106413 /* TaskCell.m */ = {isa = PBXFileReference; fileEncoding = 4; lastKnownFileType = sourcecode.c.objc; path = TaskCell.m; sourceTree = "<group>"; };
		7ACEDF0913084D7A00106413 /* TaskCell.xib */ = {isa = PBXFileReference; fileEncoding = 4; lastKnownFileType = file.xib; path = TaskCell.xib; sourceTree = "<group>"; };
		7ACEDF11130866A900106413 /* Perdiem 4.xcdatamodel */ = {isa = PBXFileReference; lastKnownFileType = wrapper.xcdatamodel; path = "Perdiem 4.xcdatamodel"; sourceTree = "<group>"; };
		7ACEDF1813088E0B00106413 /* Perdiem 5.xcdatamodel */ = {isa = PBXFileReference; lastKnownFileType = wrapper.xcdatamodel; path = "Perdiem 5.xcdatamodel"; sourceTree = "<group>"; };
		7ACEDF1E1308D9E100106413 /* AICellGradient.h */ = {isa = PBXFileReference; fileEncoding = 4; lastKnownFileType = sourcecode.c.h; path = AICellGradient.h; sourceTree = "<group>"; };
		7ACEDF1F1308D9E200106413 /* AICellGradient.m */ = {isa = PBXFileReference; fileEncoding = 4; lastKnownFileType = sourcecode.c.objc; path = AICellGradient.m; sourceTree = "<group>"; };
		7ACEDF211308DB3700106413 /* QuartzCore.framework */ = {isa = PBXFileReference; lastKnownFileType = wrapper.framework; name = QuartzCore.framework; path = System/Library/Frameworks/QuartzCore.framework; sourceTree = SDKROOT; };
		7ACEDF3F1308F6F200106413 /* checked.png */ = {isa = PBXFileReference; lastKnownFileType = image.png; path = checked.png; sourceTree = "<group>"; };
		7ACEDF401308F6F200106413 /* unchecked.png */ = {isa = PBXFileReference; lastKnownFileType = image.png; path = unchecked.png; sourceTree = "<group>"; };
		7ACEDF431308FED800106413 /* Globals.h */ = {isa = PBXFileReference; fileEncoding = 4; lastKnownFileType = sourcecode.c.h; path = Globals.h; sourceTree = "<group>"; };
		7AFA26811313176300A917AC /* iAd.framework */ = {isa = PBXFileReference; lastKnownFileType = wrapper.framework; name = iAd.framework; path = System/Library/Frameworks/iAd.framework; sourceTree = SDKROOT; };
		7AFDB5661314B9D300FE61F5 /* infoBackground.png */ = {isa = PBXFileReference; lastKnownFileType = image.png; path = infoBackground.png; sourceTree = "<group>"; };
		7AFDB5681314BCA300FE61F5 /* upgradeButton.png */ = {isa = PBXFileReference; lastKnownFileType = image.png; path = upgradeButton.png; sourceTree = "<group>"; };
		7AFDB56A1314BD8000FE61F5 /* followButton.png */ = {isa = PBXFileReference; lastKnownFileType = image.png; path = followButton.png; sourceTree = "<group>"; };
		7AFDB56C1314DC5900FE61F5 /* infoBackground@2x.png */ = {isa = PBXFileReference; lastKnownFileType = image.png; path = "infoBackground@2x.png"; sourceTree = "<group>"; };
		7AFDB56E1314DC6A00FE61F5 /* upgradeButton@2x.png */ = {isa = PBXFileReference; lastKnownFileType = image.png; path = "upgradeButton@2x.png"; sourceTree = "<group>"; };
		7AFDB5701314DC7D00FE61F5 /* followButton@2x.png */ = {isa = PBXFileReference; lastKnownFileType = image.png; path = "followButton@2x.png"; sourceTree = "<group>"; };
/* End PBXFileReference section */

/* Begin PBXFrameworksBuildPhase section */
		7A45D15B1307642E00DE1BBE /* Frameworks */ = {
			isa = PBXFrameworksBuildPhase;
			buildActionMask = 2147483647;
			files = (
				7A7AEA9A1316F9AF00EFD5AB /* StoreKit.framework in Frameworks */,
				7AFA26821313176300A917AC /* iAd.framework in Frameworks */,
				7ACEDF221308DB3800106413 /* QuartzCore.framework in Frameworks */,
				7A45D1631307642E00DE1BBE /* UIKit.framework in Frameworks */,
				7A45D1651307642E00DE1BBE /* Foundation.framework in Frameworks */,
				7A45D1671307642E00DE1BBE /* CoreGraphics.framework in Frameworks */,
				7A45D1691307642E00DE1BBE /* CoreData.framework in Frameworks */,
			);
			runOnlyForDeploymentPostprocessing = 0;
		};
		7A45D1831307642E00DE1BBE /* Frameworks */ = {
			isa = PBXFrameworksBuildPhase;
			buildActionMask = 2147483647;
			files = (
				7A45D1881307642E00DE1BBE /* UIKit.framework in Frameworks */,
				7A45D1891307642E00DE1BBE /* Foundation.framework in Frameworks */,
				7A45D18A1307642E00DE1BBE /* CoreGraphics.framework in Frameworks */,
				7A45D18B1307642E00DE1BBE /* CoreData.framework in Frameworks */,
			);
			runOnlyForDeploymentPostprocessing = 0;
		};
/* End PBXFrameworksBuildPhase section */

/* Begin PBXGroup section */
		7A45D1531307642D00DE1BBE = {
			isa = PBXGroup;
			children = (
				7A45D16A1307642E00DE1BBE /* Perdiem */,
				7A45D18E1307642E00DE1BBE /* PerdiemTests */,
				7A45D1611307642E00DE1BBE /* Frameworks */,
				7A45D15F1307642E00DE1BBE /* Products */,
			);
			sourceTree = "<group>";
		};
		7A45D15F1307642E00DE1BBE /* Products */ = {
			isa = PBXGroup;
			children = (
				7A45D15E1307642E00DE1BBE /* Freshlist.app */,
				7A45D1871307642E00DE1BBE /* PerdiemTests.octest */,
			);
			name = Products;
			sourceTree = "<group>";
		};
		7A45D1611307642E00DE1BBE /* Frameworks */ = {
			isa = PBXGroup;
			children = (
				7A7AEA991316F9AF00EFD5AB /* StoreKit.framework */,
				7AFA26811313176300A917AC /* iAd.framework */,
				7ACEDF211308DB3700106413 /* QuartzCore.framework */,
				7A45D1621307642E00DE1BBE /* UIKit.framework */,
				7A45D1641307642E00DE1BBE /* Foundation.framework */,
				7A45D1661307642E00DE1BBE /* CoreGraphics.framework */,
				7A45D1681307642E00DE1BBE /* CoreData.framework */,
			);
			name = Frameworks;
			sourceTree = "<group>";
		};
		7A45D16A1307642E00DE1BBE /* Perdiem */ = {
			isa = PBXGroup;
			children = (
				7A7AEA9C1316FF3300EFD5AB /* Store Kit */,
				7A45D1731307642E00DE1BBE /* PerdiemAppDelegate.h */,
				7A45D1741307642E00DE1BBE /* PerdiemAppDelegate.m */,
				7ACEDF391308DFD200106413 /* Data Models */,
				7ACEDF381308DF8F00106413 /* View Controllers */,
				7ACEDF3B1308E01000106413 /* TableViewCells */,
				7ACEDF3A1308DFE900106413 /* Interfaces */,
				7ACEDF3C1308E02B00106413 /* Images */,
				7ACEDF3D1308E03D00106413 /* Views */,
				7ACEDF3E1308E05400106413 /* Layers */,
				7A45D16B1307642E00DE1BBE /* Supporting Files */,
				7A45D1761307642E00DE1BBE /* Perdiem.xcdatamodeld */,
				7ACEDF431308FED800106413 /* Globals.h */,
			);
			path = Perdiem;
			sourceTree = "<group>";
		};
		7A45D16B1307642E00DE1BBE /* Supporting Files */ = {
			isa = PBXGroup;
			children = (
				7A45D16C1307642E00DE1BBE /* Perdiem-Info.plist */,
				7A45D16D1307642E00DE1BBE /* InfoPlist.strings */,
				7A45D1701307642E00DE1BBE /* Perdiem-Prefix.pch */,
				7A45D1711307642E00DE1BBE /* main.m */,
			);
			name = "Supporting Files";
			sourceTree = "<group>";
		};
		7A45D18E1307642E00DE1BBE /* PerdiemTests */ = {
			isa = PBXGroup;
			children = (
				7A45D1951307642E00DE1BBE /* PerdiemTests.h */,
				7A45D1971307642E00DE1BBE /* PerdiemTests.m */,
				7A45D18F1307642E00DE1BBE /* Supporting Files */,
			);
			path = PerdiemTests;
			sourceTree = "<group>";
		};
		7A45D18F1307642E00DE1BBE /* Supporting Files */ = {
			isa = PBXGroup;
			children = (
				7A45D1901307642E00DE1BBE /* PerdiemTests-Info.plist */,
				7A45D1911307642E00DE1BBE /* InfoPlist.strings */,
				7A45D1941307642E00DE1BBE /* PerdiemTests-Prefix.pch */,
			);
			name = "Supporting Files";
			sourceTree = "<group>";
		};
		7A7AEA9C1316FF3300EFD5AB /* Store Kit */ = {
			isa = PBXGroup;
			children = (
				7A7AEA9D1316FF4A00EFD5AB /* InAppPurchaseManager.h */,
				7A7AEA9E1316FF4A00EFD5AB /* InAppPurchaseManager.m */,
				7A7AEAA01316FFFB00EFD5AB /* SKProduct+LocalizedPrice.h */,
				7A7AEAA11316FFFB00EFD5AB /* SKProduct+LocalizedPrice.m */,
			);
			name = "Store Kit";
			sourceTree = "<group>";
		};
		7ACEDF381308DF8F00106413 /* View Controllers */ = {
			isa = PBXGroup;
			children = (
				7A45D17C1307642E00DE1BBE /* RootViewController.h */,
				7A45D17D1307642E00DE1BBE /* RootViewController.m */,
				7AC1516C130781A100DFF2EF /* NewTaskViewController.h */,
				7AC1516D130781A100DFF2EF /* NewTaskViewController.m */,
				7AC1517013079B5C00DFF2EF /* TaskViewController.h */,
				7AC1517113079B5C00DFF2EF /* TaskViewController.m */,
				7A1BD4CA13099AD800F52EF6 /* InfoViewController.h */,
				7A1BD4CB13099AD800F52EF6 /* InfoViewController.m */,
				7AFA264B131301F600A917AC /* Customized Controllers */,
				7A7AEAC41319E6E800EFD5AB /* UILabel+sizeToFitFixedWidth.h */,
				7A7AEAC51319E6EE00EFD5AB /* UILabel+sizeToFitFixedWidth.m */,
			);
			name = "View Controllers";
			sourceTree = "<group>";
		};
		7ACEDF391308DFD200106413 /* Data Models */ = {
			isa = PBXGroup;
			children = (
				7AC1517313079BC900DFF2EF /* Task.h */,
				7AC1517413079BC900DFF2EF /* Task.m */,
			);
			name = "Data Models";
			sourceTree = "<group>";
		};
		7ACEDF3A1308DFE900106413 /* Interfaces */ = {
			isa = PBXGroup;
			children = (
				7A45D1791307642E00DE1BBE /* MainWindow.xib */,
				7ACEDF0913084D7A00106413 /* TaskCell.xib */,
				7A8227A5130F148600CEDBA9 /* FullViewTaskCell.xib */,
				7A0CAC1B130F3BA900E07405 /* StyledViewController.xib */,
				7A2A3F4E13155C0C00A95656 /* RootViewController.xib */,
				7A2A3F5013155CD000A95656 /* NewTaskViewController.xib */,
				7A6B6216131576D5009D13B3 /* InfoViewController.xib */,
				7A7AEAC71319EA2000EFD5AB /* TaskViewController.xib */,
			);
			name = Interfaces;
			sourceTree = "<group>";
		};
		7ACEDF3B1308E01000106413 /* TableViewCells */ = {
			isa = PBXGroup;
			children = (
				7ACEDEFD13084AEE00106413 /* TaskCell.h */,
				7ACEDEFE13084AEF00106413 /* TaskCell.m */,
				7A8227A2130F141F00CEDBA9 /* FullViewTaskCell.h */,
				7A8227A3130F141F00CEDBA9 /* FullViewTaskCell.m */,
			);
			name = TableViewCells;
			sourceTree = "<group>";
		};
		7ACEDF3C1308E02B00106413 /* Images */ = {
			isa = PBXGroup;
			children = (
				7A7AEAA81318484B00EFD5AB /* customNavBar@2x.png */,
				7A7AEAAA1318599F00EFD5AB /* customNavBar.png */,
				7A940E0513161AA400449099 /* addButton@2x.png */,
				7A940E0613161AA400449099 /* addButtonPress@2x.png */,
				7A940E0713161AA400449099 /* settingsButton@2x.png */,
				7A940E0813161AA500449099 /* settingsButtonPress@2x.png */,
				7A018E2B1314F44400A8234A /* settingsButton.png */,
				7A758DDB1315980700928E25 /* settingsButtonPress.png */,
				7A018E281314F43B00A8234A /* addButton.png */,
				7A758DD81315970A00928E25 /* addButtonPress.png */,
				7AFDB56A1314BD8000FE61F5 /* followButton.png */,
				7AFDB5701314DC7D00FE61F5 /* followButton@2x.png */,
				7AFDB5681314BCA300FE61F5 /* upgradeButton.png */,
				7AFDB56E1314DC6A00FE61F5 /* upgradeButton@2x.png */,
				7AFDB5661314B9D300FE61F5 /* infoBackground.png */,
				7AFDB56C1314DC5900FE61F5 /* infoBackground@2x.png */,
				7A4F0E841312880B00C713C1 /* Icon_114.png */,
				7A4F0E82131287F500C713C1 /* Icon_57.png */,
				7A17C29E1311E83F001F306B /* Default.png */,
				7A4F0E801311E99200C713C1 /* Default@2x.png */,
				7A0CAC39130F7AF600E07405 /* customBarButton.png */,
				7A17C28313111322001F306B /* customBarButton@2x.png */,
				7A17C28E1311C1C0001F306B /* customBarButtonPress.png */,
				7A17C2921311C5C8001F306B /* customBarButtonPress@2x.png */,
				7A0CAC35130F774D00E07405 /* navigationBarBackButton.png */,
				7A0CAC36130F774D00E07405 /* navigationBarBackButton@2x.png */,
				7A17C27513106BB3001F306B /* taskViewHeader.png */,
				7A86C2A5130FAAC600F20055 /* taskViewBackground.png */,
				7A86C2A7130FBB6200F20055 /* taskViewBackground@2x.png */,
				7A86C2A3130F9E7D00F20055 /* taskViewFooter.png */,
				7A86C2A9130FBB6E00F20055 /* taskViewFooter@2x.png */,
				7A86C2AB130FBE1600F20055 /* paperTear@2x.png */,
				7A17C2791310F814001F306B /* paperTear.png */,
				7A17C2721310663E001F306B /* taskViewHeader@2x.png */,
				7ACEDF3F1308F6F200106413 /* checked.png */,
				7ACEDF401308F6F200106413 /* unchecked.png */,
				7A2D9858130C2D230080063F /* checked@2x.png */,
				7A2D985B130C2D400080063F /* unchecked@2x.png */,
			);
			name = Images;
			sourceTree = "<group>";
		};
		7ACEDF3D1308E03D00106413 /* Views */ = {
			isa = PBXGroup;
			children = (
				7A33754F130A1DD40052F24F /* NotebookView.h */,
				7A337550130A1DD40052F24F /* NotebookView.m */,
				7A337554130A40BB0052F24F /* TornEdgeView.h */,
				7A337555130A40BB0052F24F /* TornEdgeView.m */,
				7A82278A130EDE2900CEDBA9 /* SelectedCellView.h */,
				7A82278B130EDE2900CEDBA9 /* SelectedCellView.m */,
				7A822797130EFCF200CEDBA9 /* TopShadow.h */,
				7A822798130EFCF200CEDBA9 /* TopShadow.m */,
				7A8227AF130F1E2C00CEDBA9 /* LinedView.h */,
				7A8227B0130F1E2E00CEDBA9 /* LinedView.m */,
				7A0CAC14130F349400E07405 /* ShadowedTornEdgeView.h */,
				7A0CAC15130F349400E07405 /* ShadowedTornEdgeView.m */,
				7A0CAC1D130F4E0000E07405 /* CardboardNavBar.h */,
				7A0CAC1E130F4E0100E07405 /* CardboardNavBar.m */,
			);
			name = Views;
			sourceTree = "<group>";
		};
		7ACEDF3E1308E05400106413 /* Layers */ = {
			isa = PBXGroup;
			children = (
				7A33754B1309BE5E0052F24F /* AIShadowGradient.h */,
				7A33754C1309BE5E0052F24F /* AIShadowGradient.m */,
				7ACEDF1E1308D9E100106413 /* AICellGradient.h */,
				7ACEDF1F1308D9E200106413 /* AICellGradient.m */,
				7A822794130EFB9500CEDBA9 /* TopShadowGradient.h */,
				7A822795130EFB9500CEDBA9 /* TopShadowGradient.m */,
				7A0CAC20130F4ECD00E07405 /* CardboardGradient.h */,
				7A0CAC21130F4ECD00E07405 /* CardboardGradient.m */,
			);
			name = Layers;
			sourceTree = "<group>";
		};
		7AFA264B131301F600A917AC /* Customized Controllers */ = {
			isa = PBXGroup;
			children = (
				7A0CAC2C130F546100E07405 /* CustomNavigationBar.h */,
				7A0CAC2D130F546100E07405 /* CustomNavigationBar.m */,
				7A0CAC18130F389600E07405 /* StyledViewController.h */,
				7A0CAC19130F389600E07405 /* StyledViewController.m */,
				7A17C28B131192E1001F306B /* StyledTableViewController.h */,
				7A17C28C131192E5001F306B /* StyledTableViewController.m */,
			);
			name = "Customized Controllers";
			sourceTree = "<group>";
		};
/* End PBXGroup section */

/* Begin PBXNativeTarget section */
		7A45D15D1307642E00DE1BBE /* Perdiem */ = {
			isa = PBXNativeTarget;
			buildConfigurationList = 7A45D19B1307642E00DE1BBE /* Build configuration list for PBXNativeTarget "Perdiem" */;
			buildPhases = (
				7A45D15A1307642E00DE1BBE /* Sources */,
				7A45D15B1307642E00DE1BBE /* Frameworks */,
				7A45D15C1307642E00DE1BBE /* Resources */,
			);
			buildRules = (
			);
			dependencies = (
			);
			name = Perdiem;
			productName = Perdiem;
			productReference = 7A45D15E1307642E00DE1BBE /* Freshlist.app */;
			productType = "com.apple.product-type.application";
		};
		7A45D1861307642E00DE1BBE /* PerdiemTests */ = {
			isa = PBXNativeTarget;
			buildConfigurationList = 7A45D19E1307642E00DE1BBE /* Build configuration list for PBXNativeTarget "PerdiemTests" */;
			buildPhases = (
				7A45D1821307642E00DE1BBE /* Sources */,
				7A45D1831307642E00DE1BBE /* Frameworks */,
				7A45D1841307642E00DE1BBE /* Resources */,
				7A45D1851307642E00DE1BBE /* ShellScript */,
			);
			buildRules = (
			);
			dependencies = (
				7A45D18D1307642E00DE1BBE /* PBXTargetDependency */,
			);
			name = PerdiemTests;
			productName = PerdiemTests;
			productReference = 7A45D1871307642E00DE1BBE /* PerdiemTests.octest */;
			productType = "com.apple.product-type.bundle";
		};
/* End PBXNativeTarget section */

/* Begin PBXProject section */
		7A45D1551307642D00DE1BBE /* Project object */ = {
			isa = PBXProject;
			attributes = {
				ORGANIZATIONNAME = "Franana Games";
			};
			buildConfigurationList = 7A45D1581307642D00DE1BBE /* Build configuration list for PBXProject "Perdiem" */;
			compatibilityVersion = "Xcode 3.2";
			developmentRegion = English;
			hasScannedForEncodings = 0;
			knownRegions = (
				en,
			);
			mainGroup = 7A45D1531307642D00DE1BBE;
			productRefGroup = 7A45D15F1307642E00DE1BBE /* Products */;
			projectDirPath = "";
			projectRoot = "";
			targets = (
				7A45D15D1307642E00DE1BBE /* Perdiem */,
				7A45D1861307642E00DE1BBE /* PerdiemTests */,
			);
		};
/* End PBXProject section */

/* Begin PBXResourcesBuildPhase section */
		7A45D15C1307642E00DE1BBE /* Resources */ = {
			isa = PBXResourcesBuildPhase;
			buildActionMask = 2147483647;
			files = (
				7A45D16F1307642E00DE1BBE /* InfoPlist.strings in Resources */,
				7A45D17B1307642E00DE1BBE /* MainWindow.xib in Resources */,
				7ACEDF0A13084D7A00106413 /* TaskCell.xib in Resources */,
				7ACEDF411308F6F200106413 /* checked.png in Resources */,
				7ACEDF421308F6F200106413 /* unchecked.png in Resources */,
				7A2D9859130C2D230080063F /* checked@2x.png in Resources */,
				7A2D985C130C2D400080063F /* unchecked@2x.png in Resources */,
				7A8227A6130F148600CEDBA9 /* FullViewTaskCell.xib in Resources */,
				7A0CAC1C130F3BA900E07405 /* StyledViewController.xib in Resources */,
				7A0CAC37130F774D00E07405 /* navigationBarBackButton.png in Resources */,
				7A0CAC38130F774D00E07405 /* navigationBarBackButton@2x.png in Resources */,
				7A0CAC3A130F7AF600E07405 /* customBarButton.png in Resources */,
				7A86C2A4130F9E7D00F20055 /* taskViewFooter.png in Resources */,
				7A86C2A6130FAAC600F20055 /* taskViewBackground.png in Resources */,
				7A86C2A8130FBB6200F20055 /* taskViewBackground@2x.png in Resources */,
				7A86C2AA130FBB6E00F20055 /* taskViewFooter@2x.png in Resources */,
				7A86C2AC130FBE1600F20055 /* paperTear@2x.png in Resources */,
				7A17C2731310663E001F306B /* taskViewHeader@2x.png in Resources */,
				7A17C27613106BB3001F306B /* taskViewHeader.png in Resources */,
				7A17C27A1310F814001F306B /* paperTear.png in Resources */,
				7A17C28413111322001F306B /* customBarButton@2x.png in Resources */,
				7A17C28F1311C1C0001F306B /* customBarButtonPress.png in Resources */,
				7A17C2931311C5C8001F306B /* customBarButtonPress@2x.png in Resources */,
				7A17C29F1311E842001F306B /* Default.png in Resources */,
				7A4F0E811311E99200C713C1 /* Default@2x.png in Resources */,
				7A4F0E83131287F600C713C1 /* Icon_57.png in Resources */,
				7A4F0E851312880C00C713C1 /* Icon_114.png in Resources */,
				7AFDB5671314B9D300FE61F5 /* infoBackground.png in Resources */,
				7AFDB5691314BCA300FE61F5 /* upgradeButton.png in Resources */,
				7AFDB56B1314BD8000FE61F5 /* followButton.png in Resources */,
				7AFDB56D1314DC5C00FE61F5 /* infoBackground@2x.png in Resources */,
				7AFDB56F1314DC6D00FE61F5 /* upgradeButton@2x.png in Resources */,
				7AFDB5711314DC8000FE61F5 /* followButton@2x.png in Resources */,
				7A018E291314F43B00A8234A /* addButton.png in Resources */,
				7A018E2C1314F44400A8234A /* settingsButton.png in Resources */,
				7A2A3F4F13155C0C00A95656 /* RootViewController.xib in Resources */,
				7A2A3F5113155CD000A95656 /* NewTaskViewController.xib in Resources */,
				7A6B6217131576D5009D13B3 /* InfoViewController.xib in Resources */,
				7A758DD91315970A00928E25 /* addButtonPress.png in Resources */,
				7A758DDC1315980700928E25 /* settingsButtonPress.png in Resources */,
				7A940E0913161AA600449099 /* addButton@2x.png in Resources */,
				7A940E0A13161AA600449099 /* addButtonPress@2x.png in Resources */,
				7A940E0B13161AA600449099 /* settingsButton@2x.png in Resources */,
				7A940E0C13161AA600449099 /* settingsButtonPress@2x.png in Resources */,
				7A7AEAA91318484B00EFD5AB /* customNavBar@2x.png in Resources */,
				7A7AEAAB1318599F00EFD5AB /* customNavBar.png in Resources */,
				7A7AEAC81319EA2100EFD5AB /* TaskViewController.xib in Resources */,
			);
			runOnlyForDeploymentPostprocessing = 0;
		};
		7A45D1841307642E00DE1BBE /* Resources */ = {
			isa = PBXResourcesBuildPhase;
			buildActionMask = 2147483647;
			files = (
				7A45D1931307642E00DE1BBE /* InfoPlist.strings in Resources */,
				7A45D1961307642E00DE1BBE /* PerdiemTests.h in Resources */,
			);
			runOnlyForDeploymentPostprocessing = 0;
		};
/* End PBXResourcesBuildPhase section */

/* Begin PBXShellScriptBuildPhase section */
		7A45D1851307642E00DE1BBE /* ShellScript */ = {
			isa = PBXShellScriptBuildPhase;
			buildActionMask = 2147483647;
			files = (
			);
			inputPaths = (
			);
			outputPaths = (
			);
			runOnlyForDeploymentPostprocessing = 0;
			shellPath = /bin/sh;
			shellScript = "# Run the unit tests in this test bundle.\n\"${SYSTEM_DEVELOPER_DIR}/Tools/RunUnitTests\"\n";
		};
/* End PBXShellScriptBuildPhase section */

/* Begin PBXSourcesBuildPhase section */
		7A45D15A1307642E00DE1BBE /* Sources */ = {
			isa = PBXSourcesBuildPhase;
			buildActionMask = 2147483647;
			files = (
				7A45D1721307642E00DE1BBE /* main.m in Sources */,
				7A45D1751307642E00DE1BBE /* PerdiemAppDelegate.m in Sources */,
				7A45D1781307642E00DE1BBE /* Perdiem.xcdatamodeld in Sources */,
				7A45D17E1307642E00DE1BBE /* RootViewController.m in Sources */,
				7AC1516E130781A100DFF2EF /* NewTaskViewController.m in Sources */,
				7AC1517213079B5C00DFF2EF /* TaskViewController.m in Sources */,
				7AC1517513079BC900DFF2EF /* Task.m in Sources */,
				7ACEDF0013084AF100106413 /* TaskCell.m in Sources */,
				7ACEDF201308D9E400106413 /* AICellGradient.m in Sources */,
				7A1BD4CC13099AD800F52EF6 /* InfoViewController.m in Sources */,
				7A33754D1309BE5E0052F24F /* AIShadowGradient.m in Sources */,
				7A337551130A1DD40052F24F /* NotebookView.m in Sources */,
				7A337556130A40BB0052F24F /* TornEdgeView.m in Sources */,
				7A82278C130EDE2900CEDBA9 /* SelectedCellView.m in Sources */,
				7A822796130EFB9500CEDBA9 /* TopShadowGradient.m in Sources */,
				7A822799130EFCF400CEDBA9 /* TopShadow.m in Sources */,
				7A8227A4130F141F00CEDBA9 /* FullViewTaskCell.m in Sources */,
				7A8227B1130F1E3300CEDBA9 /* LinedView.m in Sources */,
				7A0CAC16130F349500E07405 /* ShadowedTornEdgeView.m in Sources */,
				7A0CAC1A130F389700E07405 /* StyledViewController.m in Sources */,
				7A0CAC1F130F4E0200E07405 /* CardboardNavBar.m in Sources */,
				7A0CAC22130F4ECD00E07405 /* CardboardGradient.m in Sources */,
				7A0CAC2E130F546300E07405 /* CustomNavigationBar.m in Sources */,
				7A17C28D131192EE001F306B /* StyledTableViewController.m in Sources */,
				7A7AEA9F1316FF4A00EFD5AB /* InAppPurchaseManager.m in Sources */,
				7A7AEAA21316FFFB00EFD5AB /* SKProduct+LocalizedPrice.m in Sources */,
				7A7AEAC61319E6FA00EFD5AB /* UILabel+sizeToFitFixedWidth.m in Sources */,
			);
			runOnlyForDeploymentPostprocessing = 0;
		};
		7A45D1821307642E00DE1BBE /* Sources */ = {
			isa = PBXSourcesBuildPhase;
			buildActionMask = 2147483647;
			files = (
				7A45D1981307642E00DE1BBE /* PerdiemTests.m in Sources */,
			);
			runOnlyForDeploymentPostprocessing = 0;
		};
/* End PBXSourcesBuildPhase section */

/* Begin PBXTargetDependency section */
		7A45D18D1307642E00DE1BBE /* PBXTargetDependency */ = {
			isa = PBXTargetDependency;
			target = 7A45D15D1307642E00DE1BBE /* Perdiem */;
			targetProxy = 7A45D18C1307642E00DE1BBE /* PBXContainerItemProxy */;
		};
/* End PBXTargetDependency section */

/* Begin PBXVariantGroup section */
		7A45D16D1307642E00DE1BBE /* InfoPlist.strings */ = {
			isa = PBXVariantGroup;
			children = (
				7A45D16E1307642E00DE1BBE /* en */,
			);
			name = InfoPlist.strings;
			sourceTree = "<group>";
		};
		7A45D1791307642E00DE1BBE /* MainWindow.xib */ = {
			isa = PBXVariantGroup;
			children = (
				7A45D17A1307642E00DE1BBE /* en */,
			);
			name = MainWindow.xib;
			sourceTree = "<group>";
		};
		7A45D1911307642E00DE1BBE /* InfoPlist.strings */ = {
			isa = PBXVariantGroup;
			children = (
				7A45D1921307642E00DE1BBE /* en */,
			);
			name = InfoPlist.strings;
			sourceTree = "<group>";
		};
/* End PBXVariantGroup section */

/* Begin XCBuildConfiguration section */
		7A45D1991307642E00DE1BBE /* Debug */ = {
			isa = XCBuildConfiguration;
			buildSettings = {
				ARCHS = "$(ARCHS_STANDARD_32_BIT)";
				"CODE_SIGN_IDENTITY[sdk=iphoneos*]" = "iPhone Developer";
				GCC_C_LANGUAGE_STANDARD = gnu99;
				GCC_OPTIMIZATION_LEVEL = 0;
				GCC_PREPROCESSOR_DEFINITIONS = DEBUG;
				GCC_VERSION = com.apple.compilers.llvmgcc42;
				GCC_WARN_ABOUT_RETURN_TYPE = YES;
				GCC_WARN_UNUSED_VARIABLE = YES;
				IPHONEOS_DEPLOYMENT_TARGET = 3.1;
				"PROVISIONING_PROFILE[sdk=iphoneos*]" = "";
				SDKROOT = iphoneos;
			};
			name = Debug;
		};
		7A45D19A1307642E00DE1BBE /* Release */ = {
			isa = XCBuildConfiguration;
			buildSettings = {
				ARCHS = "$(ARCHS_STANDARD_32_BIT)";
				"CODE_SIGN_IDENTITY[sdk=iphoneos*]" = "iPhone Developer";
				GCC_C_LANGUAGE_STANDARD = gnu99;
				GCC_VERSION = com.apple.compilers.llvmgcc42;
				GCC_WARN_ABOUT_RETURN_TYPE = YES;
				GCC_WARN_UNUSED_VARIABLE = YES;
				IPHONEOS_DEPLOYMENT_TARGET = 3.1;
				OTHER_CFLAGS = "-DNS_BLOCK_ASSERTIONS=1";
				"PROVISIONING_PROFILE[sdk=iphoneos*]" = "";
				SDKROOT = iphoneos;
			};
			name = Release;
		};
		7A45D19C1307642E00DE1BBE /* Debug */ = {
			isa = XCBuildConfiguration;
			buildSettings = {
				ALWAYS_SEARCH_USER_PATHS = NO;
				COPY_PHASE_STRIP = NO;
				GCC_DYNAMIC_NO_PIC = NO;
				GCC_PRECOMPILE_PREFIX_HEADER = YES;
				GCC_PREFIX_HEADER = "Perdiem/Perdiem-Prefix.pch";
				INFOPLIST_FILE = "Perdiem/Perdiem-Info.plist";
				INSTALL_PATH = "$(LOCAL_APPS_DIR)";
				IPHONEOS_DEPLOYMENT_TARGET = 3.2;
				PRODUCT_NAME = Freshlist;
				TARGETED_DEVICE_FAMILY = 1;
				WRAPPER_EXTENSION = app;
			};
			name = Debug;
		};
		7A45D19D1307642E00DE1BBE /* Release */ = {
			isa = XCBuildConfiguration;
			buildSettings = {
				ALWAYS_SEARCH_USER_PATHS = NO;
				COPY_PHASE_STRIP = YES;
				GCC_PRECOMPILE_PREFIX_HEADER = YES;
				GCC_PREFIX_HEADER = "Perdiem/Perdiem-Prefix.pch";
				INFOPLIST_FILE = "Perdiem/Perdiem-Info.plist";
				INSTALL_PATH = "$(LOCAL_APPS_DIR)";
				IPHONEOS_DEPLOYMENT_TARGET = 3.2;
				PRODUCT_NAME = Freshlist;
				TARGETED_DEVICE_FAMILY = 1;
				VALIDATE_PRODUCT = YES;
				WRAPPER_EXTENSION = app;
			};
			name = Release;
		};
		7A45D19F1307642E00DE1BBE /* Debug */ = {
			isa = XCBuildConfiguration;
			buildSettings = {
				ALWAYS_SEARCH_USER_PATHS = NO;
				BUNDLE_LOADER = "$(BUILT_PRODUCTS_DIR)/Perdiem.app/Perdiem";
				FRAMEWORK_SEARCH_PATHS = (
					"$(SDKROOT)/Developer/Library/Frameworks",
					"$(DEVELOPER_LIBRARY_DIR)/Frameworks",
				);
				GCC_PRECOMPILE_PREFIX_HEADER = YES;
				GCC_PREFIX_HEADER = "PerdiemTests/PerdiemTests-Prefix.pch";
				INFOPLIST_FILE = "PerdiemTests/PerdiemTests-Info.plist";
				OTHER_LDFLAGS = (
					"-framework",
					SenTestingKit,
				);
				PRODUCT_NAME = "$(TARGET_NAME)";
				TEST_HOST = "$(BUNDLE_LOADER)";
				WRAPPER_EXTENSION = octest;
			};
			name = Debug;
		};
		7A45D1A01307642E00DE1BBE /* Release */ = {
			isa = XCBuildConfiguration;
			buildSettings = {
				ALWAYS_SEARCH_USER_PATHS = NO;
				BUNDLE_LOADER = "$(BUILT_PRODUCTS_DIR)/Perdiem.app/Perdiem";
				FRAMEWORK_SEARCH_PATHS = (
					"$(SDKROOT)/Developer/Library/Frameworks",
					"$(DEVELOPER_LIBRARY_DIR)/Frameworks",
				);
				GCC_PRECOMPILE_PREFIX_HEADER = YES;
				GCC_PREFIX_HEADER = "PerdiemTests/PerdiemTests-Prefix.pch";
				INFOPLIST_FILE = "PerdiemTests/PerdiemTests-Info.plist";
				OTHER_LDFLAGS = (
					"-framework",
					SenTestingKit,
				);
				PRODUCT_NAME = "$(TARGET_NAME)";
				TEST_HOST = "$(BUNDLE_LOADER)";
				WRAPPER_EXTENSION = octest;
			};
			name = Release;
		};
/* End XCBuildConfiguration section */

/* Begin XCConfigurationList section */
		7A45D1581307642D00DE1BBE /* Build configuration list for PBXProject "Perdiem" */ = {
			isa = XCConfigurationList;
			buildConfigurations = (
				7A45D1991307642E00DE1BBE /* Debug */,
				7A45D19A1307642E00DE1BBE /* Release */,
			);
			defaultConfigurationIsVisible = 0;
			defaultConfigurationName = Release;
		};
		7A45D19B1307642E00DE1BBE /* Build configuration list for PBXNativeTarget "Perdiem" */ = {
			isa = XCConfigurationList;
			buildConfigurations = (
				7A45D19C1307642E00DE1BBE /* Debug */,
				7A45D19D1307642E00DE1BBE /* Release */,
			);
			defaultConfigurationIsVisible = 0;
			defaultConfigurationName = Release;
		};
		7A45D19E1307642E00DE1BBE /* Build configuration list for PBXNativeTarget "PerdiemTests" */ = {
			isa = XCConfigurationList;
			buildConfigurations = (
				7A45D19F1307642E00DE1BBE /* Debug */,
				7A45D1A01307642E00DE1BBE /* Release */,
			);
			defaultConfigurationIsVisible = 0;
			defaultConfigurationName = Release;
		};
/* End XCConfigurationList section */

/* Begin XCVersionGroup section */
		7A45D1761307642E00DE1BBE /* Perdiem.xcdatamodeld */ = {
			isa = XCVersionGroup;
			children = (
				7A45D1A11307648000DE1BBE /* Perdiem 2.xcdatamodel */,
				7A45D1A21307654200DE1BBE /* Perdiem 3.xcdatamodel */,
				7ACEDF11130866A900106413 /* Perdiem 4.xcdatamodel */,
				7ACEDF1813088E0B00106413 /* Perdiem 5.xcdatamodel */,
				7A45D1771307642E00DE1BBE /* Perdiem.xcdatamodel */,
			);
			currentVersion = 7ACEDF1813088E0B00106413 /* Perdiem 5.xcdatamodel */;
			path = Perdiem.xcdatamodeld;
			sourceTree = "<group>";
			versionGroupType = wrapper.xcdatamodel;
		};
/* End XCVersionGroup section */
	};
	rootObject = 7A45D1551307642D00DE1BBE /* Project object */;
}
