// !$*UTF8*$!
{
	archiveVersion = 1;
	classes = {
	};
	objectVersion = 46;
	objects = {

/* Begin PBXBuildFile section */
		7A1BD4CC13099AD800F52EF6 /* SettingsViewController.m in Sources */ = {isa = PBXBuildFile; fileRef = 7A1BD4CB13099AD800F52EF6 /* SettingsViewController.m */; };
		7A1BD4CF13099C5B00F52EF6 /* settings.png in Resources */ = {isa = PBXBuildFile; fileRef = 7A1BD4CE13099C5B00F52EF6 /* settings.png */; };
		7A45D1631307642E00DE1BBE /* UIKit.framework in Frameworks */ = {isa = PBXBuildFile; fileRef = 7A45D1621307642E00DE1BBE /* UIKit.framework */; };
		7A45D1651307642E00DE1BBE /* Foundation.framework in Frameworks */ = {isa = PBXBuildFile; fileRef = 7A45D1641307642E00DE1BBE /* Foundation.framework */; };
		7A45D1671307642E00DE1BBE /* CoreGraphics.framework in Frameworks */ = {isa = PBXBuildFile; fileRef = 7A45D1661307642E00DE1BBE /* CoreGraphics.framework */; };
		7A45D1691307642E00DE1BBE /* CoreData.framework in Frameworks */ = {isa = PBXBuildFile; fileRef = 7A45D1681307642E00DE1BBE /* CoreData.framework */; };
		7A45D16F1307642E00DE1BBE /* InfoPlist.strings in Resources */ = {isa = PBXBuildFile; fileRef = 7A45D16D1307642E00DE1BBE /* InfoPlist.strings */; };
		7A45D1721307642E00DE1BBE /* main.m in Sources */ = {isa = PBXBuildFile; fileRef = 7A45D1711307642E00DE1BBE /* main.m */; };
		7A45D1751307642E00DE1BBE /* PerdiemAppDelegate.m in Sources */ = {isa = PBXBuildFile; fileRef = 7A45D1741307642E00DE1BBE /* PerdiemAppDelegate.m */; };
		7A45D1781307642E00DE1BBE /* Perdiem.xcdatamodeld in Sources */ = {isa = PBXBuildFile; fileRef = 7A45D1761307642E00DE1BBE /* Perdiem.xcdatamodeld */; };
		7A45D17B1307642E00DE1BBE /* MainWindow.xib in Resources */ = {isa = PBXBuildFile; fileRef = 7A45D1791307642E00DE1BBE /* MainWindow.xib */; };
		7A45D17E1307642E00DE1BBE /* RootViewController.m in Sources */ = {isa = PBXBuildFile; fileRef = 7A45D17D1307642E00DE1BBE /* RootViewController.m */; };
		7A45D1811307642E00DE1BBE /* RootViewController.xib in Resources */ = {isa = PBXBuildFile; fileRef = 7A45D17F1307642E00DE1BBE /* RootViewController.xib */; };
		7A45D1881307642E00DE1BBE /* UIKit.framework in Frameworks */ = {isa = PBXBuildFile; fileRef = 7A45D1621307642E00DE1BBE /* UIKit.framework */; };
		7A45D1891307642E00DE1BBE /* Foundation.framework in Frameworks */ = {isa = PBXBuildFile; fileRef = 7A45D1641307642E00DE1BBE /* Foundation.framework */; };
		7A45D18A1307642E00DE1BBE /* CoreGraphics.framework in Frameworks */ = {isa = PBXBuildFile; fileRef = 7A45D1661307642E00DE1BBE /* CoreGraphics.framework */; };
		7A45D18B1307642E00DE1BBE /* CoreData.framework in Frameworks */ = {isa = PBXBuildFile; fileRef = 7A45D1681307642E00DE1BBE /* CoreData.framework */; };
		7A45D1931307642E00DE1BBE /* InfoPlist.strings in Resources */ = {isa = PBXBuildFile; fileRef = 7A45D1911307642E00DE1BBE /* InfoPlist.strings */; };
		7A45D1961307642E00DE1BBE /* PerdiemTests.h in Resources */ = {isa = PBXBuildFile; fileRef = 7A45D1951307642E00DE1BBE /* PerdiemTests.h */; };
		7A45D1981307642E00DE1BBE /* PerdiemTests.m in Sources */ = {isa = PBXBuildFile; fileRef = 7A45D1971307642E00DE1BBE /* PerdiemTests.m */; };
		7AC1516E130781A100DFF2EF /* NewTaskViewController.m in Sources */ = {isa = PBXBuildFile; fileRef = 7AC1516D130781A100DFF2EF /* NewTaskViewController.m */; };
		7AC1517213079B5C00DFF2EF /* TaskViewController.m in Sources */ = {isa = PBXBuildFile; fileRef = 7AC1517113079B5C00DFF2EF /* TaskViewController.m */; };
		7AC1517513079BC900DFF2EF /* Task.m in Sources */ = {isa = PBXBuildFile; fileRef = 7AC1517413079BC900DFF2EF /* Task.m */; };
		7ACEDF0013084AF100106413 /* TaskCell.m in Sources */ = {isa = PBXBuildFile; fileRef = 7ACEDEFE13084AEF00106413 /* TaskCell.m */; };
		7ACEDF0A13084D7A00106413 /* TaskCell.xib in Resources */ = {isa = PBXBuildFile; fileRef = 7ACEDF0913084D7A00106413 /* TaskCell.xib */; };
		7ACEDF201308D9E400106413 /* AICellGradient.m in Sources */ = {isa = PBXBuildFile; fileRef = 7ACEDF1F1308D9E200106413 /* AICellGradient.m */; };
		7ACEDF221308DB3800106413 /* QuartzCore.framework in Frameworks */ = {isa = PBXBuildFile; fileRef = 7ACEDF211308DB3700106413 /* QuartzCore.framework */; };
		7ACEDF291308DDE500106413 /* AINavigationBar.m in Sources */ = {isa = PBXBuildFile; fileRef = 7ACEDF241308DDB500106413 /* AINavigationBar.m */; };
		7ACEDF2A1308DDE500106413 /* AIToolBar.m in Sources */ = {isa = PBXBuildFile; fileRef = 7ACEDF261308DDC900106413 /* AIToolBar.m */; };
		7ACEDF2B1308DDE500106413 /* AIButton.m in Sources */ = {isa = PBXBuildFile; fileRef = 7ACEDF281308DDDA00106413 /* AIButton.m */; };
		7ACEDF321308DE7E00106413 /* AIBarGradient.m in Sources */ = {isa = PBXBuildFile; fileRef = 7ACEDF2D1308DE5900106413 /* AIBarGradient.m */; };
		7ACEDF331308DE7E00106413 /* AIBarGradientMatte.m in Sources */ = {isa = PBXBuildFile; fileRef = 7ACEDF2F1308DE6100106413 /* AIBarGradientMatte.m */; };
		7ACEDF341308DE7E00106413 /* AIShineGloss.m in Sources */ = {isa = PBXBuildFile; fileRef = 7ACEDF311308DE7000106413 /* AIShineGloss.m */; };
		7ACEDF371308DE9400106413 /* AIBarGradientMatteBottom.m in Sources */ = {isa = PBXBuildFile; fileRef = 7ACEDF361308DE9100106413 /* AIBarGradientMatteBottom.m */; };
		7ACEDF411308F6F200106413 /* checked.png in Resources */ = {isa = PBXBuildFile; fileRef = 7ACEDF3F1308F6F200106413 /* checked.png */; };
		7ACEDF421308F6F200106413 /* unchecked.png in Resources */ = {isa = PBXBuildFile; fileRef = 7ACEDF401308F6F200106413 /* unchecked.png */; };
/* End PBXBuildFile section */

/* Begin PBXContainerItemProxy section */
		7A45D18C1307642E00DE1BBE /* PBXContainerItemProxy */ = {
			isa = PBXContainerItemProxy;
			containerPortal = 7A45D1551307642D00DE1BBE /* Project object */;
			proxyType = 1;
			remoteGlobalIDString = 7A45D15D1307642E00DE1BBE;
			remoteInfo = Perdiem;
		};
/* End PBXContainerItemProxy section */

/* Begin PBXFileReference section */
		7A1BD4CA13099AD800F52EF6 /* SettingsViewController.h */ = {isa = PBXFileReference; fileEncoding = 4; lastKnownFileType = sourcecode.c.h; path = SettingsViewController.h; sourceTree = "<group>"; };
		7A1BD4CB13099AD800F52EF6 /* SettingsViewController.m */ = {isa = PBXFileReference; fileEncoding = 4; lastKnownFileType = sourcecode.c.objc; path = SettingsViewController.m; sourceTree = "<group>"; };
		7A1BD4CE13099C5B00F52EF6 /* settings.png */ = {isa = PBXFileReference; lastKnownFileType = image.png; path = settings.png; sourceTree = "<group>"; };
		7A45D15E1307642E00DE1BBE /* Perdiem.app */ = {isa = PBXFileReference; explicitFileType = wrapper.application; includeInIndex = 0; path = Perdiem.app; sourceTree = BUILT_PRODUCTS_DIR; };
		7A45D1621307642E00DE1BBE /* UIKit.framework */ = {isa = PBXFileReference; lastKnownFileType = wrapper.framework; name = UIKit.framework; path = System/Library/Frameworks/UIKit.framework; sourceTree = SDKROOT; };
		7A45D1641307642E00DE1BBE /* Foundation.framework */ = {isa = PBXFileReference; lastKnownFileType = wrapper.framework; name = Foundation.framework; path = System/Library/Frameworks/Foundation.framework; sourceTree = SDKROOT; };
		7A45D1661307642E00DE1BBE /* CoreGraphics.framework */ = {isa = PBXFileReference; lastKnownFileType = wrapper.framework; name = CoreGraphics.framework; path = System/Library/Frameworks/CoreGraphics.framework; sourceTree = SDKROOT; };
		7A45D1681307642E00DE1BBE /* CoreData.framework */ = {isa = PBXFileReference; lastKnownFileType = wrapper.framework; name = CoreData.framework; path = System/Library/Frameworks/CoreData.framework; sourceTree = SDKROOT; };
		7A45D16C1307642E00DE1BBE /* Perdiem-Info.plist */ = {isa = PBXFileReference; lastKnownFileType = text.plist.xml; path = "Perdiem-Info.plist"; sourceTree = "<group>"; };
		7A45D16E1307642E00DE1BBE /* en */ = {isa = PBXFileReference; lastKnownFileType = text.plist.strings; name = en; path = en.lproj/InfoPlist.strings; sourceTree = "<group>"; };
		7A45D1701307642E00DE1BBE /* Perdiem-Prefix.pch */ = {isa = PBXFileReference; lastKnownFileType = sourcecode.c.h; path = "Perdiem-Prefix.pch"; sourceTree = "<group>"; };
		7A45D1711307642E00DE1BBE /* main.m */ = {isa = PBXFileReference; lastKnownFileType = sourcecode.c.objc; path = main.m; sourceTree = "<group>"; };
		7A45D1731307642E00DE1BBE /* PerdiemAppDelegate.h */ = {isa = PBXFileReference; lastKnownFileType = sourcecode.c.h; path = PerdiemAppDelegate.h; sourceTree = "<group>"; };
		7A45D1741307642E00DE1BBE /* PerdiemAppDelegate.m */ = {isa = PBXFileReference; lastKnownFileType = sourcecode.c.objc; path = PerdiemAppDelegate.m; sourceTree = "<group>"; };
		7A45D1771307642E00DE1BBE /* Perdiem.xcdatamodel */ = {isa = PBXFileReference; lastKnownFileType = wrapper.xcdatamodel; path = Perdiem.xcdatamodel; sourceTree = "<group>"; };
		7A45D17A1307642E00DE1BBE /* en */ = {isa = PBXFileReference; lastKnownFileType = file.xib; name = en; path = en.lproj/MainWindow.xib; sourceTree = "<group>"; };
		7A45D17C1307642E00DE1BBE /* RootViewController.h */ = {isa = PBXFileReference; lastKnownFileType = sourcecode.c.h; path = RootViewController.h; sourceTree = "<group>"; };
		7A45D17D1307642E00DE1BBE /* RootViewController.m */ = {isa = PBXFileReference; lastKnownFileType = sourcecode.c.objc; path = RootViewController.m; sourceTree = "<group>"; };
		7A45D1801307642E00DE1BBE /* en */ = {isa = PBXFileReference; lastKnownFileType = file.xib; name = en; path = en.lproj/RootViewController.xib; sourceTree = "<group>"; };
		7A45D1871307642E00DE1BBE /* PerdiemTests.octest */ = {isa = PBXFileReference; explicitFileType = wrapper.cfbundle; includeInIndex = 0; path = PerdiemTests.octest; sourceTree = BUILT_PRODUCTS_DIR; };
		7A45D1901307642E00DE1BBE /* PerdiemTests-Info.plist */ = {isa = PBXFileReference; lastKnownFileType = text.plist.xml; path = "PerdiemTests-Info.plist"; sourceTree = "<group>"; };
		7A45D1921307642E00DE1BBE /* en */ = {isa = PBXFileReference; lastKnownFileType = text.plist.strings; name = en; path = en.lproj/InfoPlist.strings; sourceTree = "<group>"; };
		7A45D1941307642E00DE1BBE /* PerdiemTests-Prefix.pch */ = {isa = PBXFileReference; lastKnownFileType = sourcecode.c.h; path = "PerdiemTests-Prefix.pch"; sourceTree = "<group>"; };
		7A45D1951307642E00DE1BBE /* PerdiemTests.h */ = {isa = PBXFileReference; lastKnownFileType = sourcecode.c.h; path = PerdiemTests.h; sourceTree = "<group>"; };
		7A45D1971307642E00DE1BBE /* PerdiemTests.m */ = {isa = PBXFileReference; lastKnownFileType = sourcecode.c.objc; path = PerdiemTests.m; sourceTree = "<group>"; };
		7A45D1A11307648000DE1BBE /* Perdiem 2.xcdatamodel */ = {isa = PBXFileReference; lastKnownFileType = wrapper.xcdatamodel; path = "Perdiem 2.xcdatamodel"; sourceTree = "<group>"; };
		7A45D1A21307654200DE1BBE /* Perdiem 3.xcdatamodel */ = {isa = PBXFileReference; lastKnownFileType = wrapper.xcdatamodel; path = "Perdiem 3.xcdatamodel"; sourceTree = "<group>"; };
		7AC1516C130781A100DFF2EF /* NewTaskViewController.h */ = {isa = PBXFileReference; fileEncoding = 4; lastKnownFileType = sourcecode.c.h; path = NewTaskViewController.h; sourceTree = "<group>"; };
		7AC1516D130781A100DFF2EF /* NewTaskViewController.m */ = {isa = PBXFileReference; fileEncoding = 4; lastKnownFileType = sourcecode.c.objc; path = NewTaskViewController.m; sourceTree = "<group>"; };
		7AC1517013079B5C00DFF2EF /* TaskViewController.h */ = {isa = PBXFileReference; fileEncoding = 4; lastKnownFileType = sourcecode.c.h; path = TaskViewController.h; sourceTree = "<group>"; };
		7AC1517113079B5C00DFF2EF /* TaskViewController.m */ = {isa = PBXFileReference; fileEncoding = 4; lastKnownFileType = sourcecode.c.objc; path = TaskViewController.m; sourceTree = "<group>"; };
		7AC1517313079BC900DFF2EF /* Task.h */ = {isa = PBXFileReference; fileEncoding = 4; lastKnownFileType = sourcecode.c.h; path = Task.h; sourceTree = "<group>"; };
		7AC1517413079BC900DFF2EF /* Task.m */ = {isa = PBXFileReference; fileEncoding = 4; lastKnownFileType = sourcecode.c.objc; path = Task.m; sourceTree = "<group>"; };
		7ACEDEFD13084AEE00106413 /* TaskCell.h */ = {isa = PBXFileReference; fileEncoding = 4; lastKnownFileType = sourcecode.c.h; path = TaskCell.h; sourceTree = "<group>"; };
		7ACEDEFE13084AEF00106413 /* TaskCell.m */ = {isa = PBXFileReference; fileEncoding = 4; lastKnownFileType = sourcecode.c.objc; path = TaskCell.m; sourceTree = "<group>"; };
		7ACEDF0913084D7A00106413 /* TaskCell.xib */ = {isa = PBXFileReference; fileEncoding = 4; lastKnownFileType = file.xib; path = TaskCell.xib; sourceTree = "<group>"; };
		7ACEDF11130866A900106413 /* Perdiem 4.xcdatamodel */ = {isa = PBXFileReference; lastKnownFileType = wrapper.xcdatamodel; path = "Perdiem 4.xcdatamodel"; sourceTree = "<group>"; };
		7ACEDF1813088E0B00106413 /* Perdiem 5.xcdatamodel */ = {isa = PBXFileReference; lastKnownFileType = wrapper.xcdatamodel; path = "Perdiem 5.xcdatamodel"; sourceTree = "<group>"; };
		7ACEDF1E1308D9E100106413 /* AICellGradient.h */ = {isa = PBXFileReference; fileEncoding = 4; lastKnownFileType = sourcecode.c.h; path = AICellGradient.h; sourceTree = "<group>"; };
		7ACEDF1F1308D9E200106413 /* AICellGradient.m */ = {isa = PBXFileReference; fileEncoding = 4; lastKnownFileType = sourcecode.c.objc; path = AICellGradient.m; sourceTree = "<group>"; };
		7ACEDF211308DB3700106413 /* QuartzCore.framework */ = {isa = PBXFileReference; lastKnownFileType = wrapper.framework; name = QuartzCore.framework; path = System/Library/Frameworks/QuartzCore.framework; sourceTree = SDKROOT; };
		7ACEDF231308DDB400106413 /* AINavigationBar.h */ = {isa = PBXFileReference; fileEncoding = 4; lastKnownFileType = sourcecode.c.h; path = AINavigationBar.h; sourceTree = "<group>"; };
		7ACEDF241308DDB500106413 /* AINavigationBar.m */ = {isa = PBXFileReference; fileEncoding = 4; lastKnownFileType = sourcecode.c.objc; path = AINavigationBar.m; sourceTree = "<group>"; };
		7ACEDF251308DDBC00106413 /* AIToolBar.h */ = {isa = PBXFileReference; fileEncoding = 4; lastKnownFileType = sourcecode.c.h; path = AIToolBar.h; sourceTree = "<group>"; };
		7ACEDF261308DDC900106413 /* AIToolBar.m */ = {isa = PBXFileReference; fileEncoding = 4; lastKnownFileType = sourcecode.c.objc; path = AIToolBar.m; sourceTree = "<group>"; };
		7ACEDF271308DDD300106413 /* AIButton.h */ = {isa = PBXFileReference; fileEncoding = 4; lastKnownFileType = sourcecode.c.h; path = AIButton.h; sourceTree = "<group>"; };
		7ACEDF281308DDDA00106413 /* AIButton.m */ = {isa = PBXFileReference; fileEncoding = 4; lastKnownFileType = sourcecode.c.objc; path = AIButton.m; sourceTree = "<group>"; };
		7ACEDF2C1308DE5800106413 /* AIBarGradient.h */ = {isa = PBXFileReference; fileEncoding = 4; lastKnownFileType = sourcecode.c.h; path = AIBarGradient.h; sourceTree = "<group>"; };
		7ACEDF2D1308DE5900106413 /* AIBarGradient.m */ = {isa = PBXFileReference; fileEncoding = 4; lastKnownFileType = sourcecode.c.objc; path = AIBarGradient.m; sourceTree = "<group>"; };
		7ACEDF2E1308DE5C00106413 /* AIBarGradientMatte.h */ = {isa = PBXFileReference; fileEncoding = 4; lastKnownFileType = sourcecode.c.h; path = AIBarGradientMatte.h; sourceTree = "<group>"; };
		7ACEDF2F1308DE6100106413 /* AIBarGradientMatte.m */ = {isa = PBXFileReference; fileEncoding = 4; lastKnownFileType = sourcecode.c.objc; path = AIBarGradientMatte.m; sourceTree = "<group>"; };
		7ACEDF301308DE6700106413 /* AIShineGloss.h */ = {isa = PBXFileReference; fileEncoding = 4; lastKnownFileType = sourcecode.c.h; path = AIShineGloss.h; sourceTree = "<group>"; };
		7ACEDF311308DE7000106413 /* AIShineGloss.m */ = {isa = PBXFileReference; fileEncoding = 4; lastKnownFileType = sourcecode.c.objc; path = AIShineGloss.m; sourceTree = "<group>"; };
		7ACEDF351308DE8F00106413 /* AIBarGradientMatteBottom.h */ = {isa = PBXFileReference; fileEncoding = 4; lastKnownFileType = sourcecode.c.h; path = AIBarGradientMatteBottom.h; sourceTree = "<group>"; };
		7ACEDF361308DE9100106413 /* AIBarGradientMatteBottom.m */ = {isa = PBXFileReference; fileEncoding = 4; lastKnownFileType = sourcecode.c.objc; path = AIBarGradientMatteBottom.m; sourceTree = "<group>"; };
		7ACEDF3F1308F6F200106413 /* checked.png */ = {isa = PBXFileReference; lastKnownFileType = image.png; path = checked.png; sourceTree = "<group>"; };
		7ACEDF401308F6F200106413 /* unchecked.png */ = {isa = PBXFileReference; lastKnownFileType = image.png; path = unchecked.png; sourceTree = "<group>"; };
		7ACEDF431308FED800106413 /* Globals.h */ = {isa = PBXFileReference; fileEncoding = 4; lastKnownFileType = sourcecode.c.h; path = Globals.h; sourceTree = "<group>"; };
/* End PBXFileReference section */

/* Begin PBXFrameworksBuildPhase section */
		7A45D15B1307642E00DE1BBE /* Frameworks */ = {
			isa = PBXFrameworksBuildPhase;
			buildActionMask = 2147483647;
			files = (
				7ACEDF221308DB3800106413 /* QuartzCore.framework in Frameworks */,
				7A45D1631307642E00DE1BBE /* UIKit.framework in Frameworks */,
				7A45D1651307642E00DE1BBE /* Foundation.framework in Frameworks */,
				7A45D1671307642E00DE1BBE /* CoreGraphics.framework in Frameworks */,
				7A45D1691307642E00DE1BBE /* CoreData.framework in Frameworks */,
			);
			runOnlyForDeploymentPostprocessing = 0;
		};
		7A45D1831307642E00DE1BBE /* Frameworks */ = {
			isa = PBXFrameworksBuildPhase;
			buildActionMask = 2147483647;
			files = (
				7A45D1881307642E00DE1BBE /* UIKit.framework in Frameworks */,
				7A45D1891307642E00DE1BBE /* Foundation.framework in Frameworks */,
				7A45D18A1307642E00DE1BBE /* CoreGraphics.framework in Frameworks */,
				7A45D18B1307642E00DE1BBE /* CoreData.framework in Frameworks */,
			);
			runOnlyForDeploymentPostprocessing = 0;
		};
/* End PBXFrameworksBuildPhase section */

/* Begin PBXGroup section */
		7A45D1531307642D00DE1BBE = {
			isa = PBXGroup;
			children = (
				7A45D16A1307642E00DE1BBE /* Perdiem */,
				7A45D18E1307642E00DE1BBE /* PerdiemTests */,
				7A45D1611307642E00DE1BBE /* Frameworks */,
				7A45D15F1307642E00DE1BBE /* Products */,
			);
			sourceTree = "<group>";
		};
		7A45D15F1307642E00DE1BBE /* Products */ = {
			isa = PBXGroup;
			children = (
				7A45D15E1307642E00DE1BBE /* Perdiem.app */,
				7A45D1871307642E00DE1BBE /* PerdiemTests.octest */,
			);
			name = Products;
			sourceTree = "<group>";
		};
		7A45D1611307642E00DE1BBE /* Frameworks */ = {
			isa = PBXGroup;
			children = (
				7ACEDF211308DB3700106413 /* QuartzCore.framework */,
				7A45D1621307642E00DE1BBE /* UIKit.framework */,
				7A45D1641307642E00DE1BBE /* Foundation.framework */,
				7A45D1661307642E00DE1BBE /* CoreGraphics.framework */,
				7A45D1681307642E00DE1BBE /* CoreData.framework */,
			);
			name = Frameworks;
			sourceTree = "<group>";
		};
		7A45D16A1307642E00DE1BBE /* Perdiem */ = {
			isa = PBXGroup;
			children = (
				7A45D1731307642E00DE1BBE /* PerdiemAppDelegate.h */,
				7A45D1741307642E00DE1BBE /* PerdiemAppDelegate.m */,
				7ACEDF391308DFD200106413 /* Data Models */,
				7ACEDF381308DF8F00106413 /* View Controllers */,
				7ACEDF3B1308E01000106413 /* TableViewCells */,
				7ACEDF3A1308DFE900106413 /* Interfaces */,
				7ACEDF3C1308E02B00106413 /* Images */,
				7ACEDF3D1308E03D00106413 /* Views */,
				7ACEDF3E1308E05400106413 /* Layers */,
				7A45D16B1307642E00DE1BBE /* Supporting Files */,
				7A45D1761307642E00DE1BBE /* Perdiem.xcdatamodeld */,
				7ACEDF431308FED800106413 /* Globals.h */,
			);
			path = Perdiem;
			sourceTree = "<group>";
		};
		7A45D16B1307642E00DE1BBE /* Supporting Files */ = {
			isa = PBXGroup;
			children = (
				7A45D16C1307642E00DE1BBE /* Perdiem-Info.plist */,
				7A45D16D1307642E00DE1BBE /* InfoPlist.strings */,
				7A45D1701307642E00DE1BBE /* Perdiem-Prefix.pch */,
				7A45D1711307642E00DE1BBE /* main.m */,
			);
			name = "Supporting Files";
			sourceTree = "<group>";
		};
		7A45D18E1307642E00DE1BBE /* PerdiemTests */ = {
			isa = PBXGroup;
			children = (
				7A45D1951307642E00DE1BBE /* PerdiemTests.h */,
				7A45D1971307642E00DE1BBE /* PerdiemTests.m */,
				7A45D18F1307642E00DE1BBE /* Supporting Files */,
			);
			path = PerdiemTests;
			sourceTree = "<group>";
		};
		7A45D18F1307642E00DE1BBE /* Supporting Files */ = {
			isa = PBXGroup;
			children = (
				7A45D1901307642E00DE1BBE /* PerdiemTests-Info.plist */,
				7A45D1911307642E00DE1BBE /* InfoPlist.strings */,
				7A45D1941307642E00DE1BBE /* PerdiemTests-Prefix.pch */,
			);
			name = "Supporting Files";
			sourceTree = "<group>";
		};
		7ACEDF381308DF8F00106413 /* View Controllers */ = {
			isa = PBXGroup;
			children = (
				7A45D17C1307642E00DE1BBE /* RootViewController.h */,
				7A45D17D1307642E00DE1BBE /* RootViewController.m */,
				7AC1516C130781A100DFF2EF /* NewTaskViewController.h */,
				7AC1516D130781A100DFF2EF /* NewTaskViewController.m */,
				7AC1517013079B5C00DFF2EF /* TaskViewController.h */,
				7AC1517113079B5C00DFF2EF /* TaskViewController.m */,
				7A1BD4CA13099AD800F52EF6 /* SettingsViewController.h */,
				7A1BD4CB13099AD800F52EF6 /* SettingsViewController.m */,
			);
			name = "View Controllers";
			sourceTree = "<group>";
		};
		7ACEDF391308DFD200106413 /* Data Models */ = {
			isa = PBXGroup;
			children = (
				7AC1517313079BC900DFF2EF /* Task.h */,
				7AC1517413079BC900DFF2EF /* Task.m */,
			);
			name = "Data Models";
			sourceTree = "<group>";
		};
		7ACEDF3A1308DFE900106413 /* Interfaces */ = {
			isa = PBXGroup;
			children = (
				7A45D1791307642E00DE1BBE /* MainWindow.xib */,
				7A45D17F1307642E00DE1BBE /* RootViewController.xib */,
				7ACEDF0913084D7A00106413 /* TaskCell.xib */,
			);
			name = Interfaces;
			sourceTree = "<group>";
		};
		7ACEDF3B1308E01000106413 /* TableViewCells */ = {
			isa = PBXGroup;
			children = (
				7ACEDEFD13084AEE00106413 /* TaskCell.h */,
				7ACEDEFE13084AEF00106413 /* TaskCell.m */,
			);
			name = TableViewCells;
			sourceTree = "<group>";
		};
		7ACEDF3C1308E02B00106413 /* Images */ = {
			isa = PBXGroup;
			children = (
				7A1BD4CE13099C5B00F52EF6 /* settings.png */,
				7ACEDF3F1308F6F200106413 /* checked.png */,
				7ACEDF401308F6F200106413 /* unchecked.png */,
			);
			name = Images;
			sourceTree = "<group>";
		};
		7ACEDF3D1308E03D00106413 /* Views */ = {
			isa = PBXGroup;
			children = (
				7ACEDF231308DDB400106413 /* AINavigationBar.h */,
				7ACEDF241308DDB500106413 /* AINavigationBar.m */,
				7ACEDF251308DDBC00106413 /* AIToolBar.h */,
				7ACEDF261308DDC900106413 /* AIToolBar.m */,
				7ACEDF271308DDD300106413 /* AIButton.h */,
				7ACEDF281308DDDA00106413 /* AIButton.m */,
			);
			name = Views;
			sourceTree = "<group>";
		};
		7ACEDF3E1308E05400106413 /* Layers */ = {
			isa = PBXGroup;
			children = (
				7ACEDF1E1308D9E100106413 /* AICellGradient.h */,
				7ACEDF1F1308D9E200106413 /* AICellGradient.m */,
				7ACEDF2C1308DE5800106413 /* AIBarGradient.h */,
				7ACEDF2D1308DE5900106413 /* AIBarGradient.m */,
				7ACEDF2E1308DE5C00106413 /* AIBarGradientMatte.h */,
				7ACEDF2F1308DE6100106413 /* AIBarGradientMatte.m */,
				7ACEDF301308DE6700106413 /* AIShineGloss.h */,
				7ACEDF311308DE7000106413 /* AIShineGloss.m */,
				7ACEDF351308DE8F00106413 /* AIBarGradientMatteBottom.h */,
				7ACEDF361308DE9100106413 /* AIBarGradientMatteBottom.m */,
			);
			name = Layers;
			sourceTree = "<group>";
		};
/* End PBXGroup section */

/* Begin PBXNativeTarget section */
		7A45D15D1307642E00DE1BBE /* Perdiem */ = {
			isa = PBXNativeTarget;
			buildConfigurationList = 7A45D19B1307642E00DE1BBE /* Build configuration list for PBXNativeTarget "Perdiem" */;
			buildPhases = (
				7A45D15A1307642E00DE1BBE /* Sources */,
				7A45D15B1307642E00DE1BBE /* Frameworks */,
				7A45D15C1307642E00DE1BBE /* Resources */,
			);
			buildRules = (
			);
			dependencies = (
			);
			name = Perdiem;
			productName = Perdiem;
			productReference = 7A45D15E1307642E00DE1BBE /* Perdiem.app */;
			productType = "com.apple.product-type.application";
		};
		7A45D1861307642E00DE1BBE /* PerdiemTests */ = {
			isa = PBXNativeTarget;
			buildConfigurationList = 7A45D19E1307642E00DE1BBE /* Build configuration list for PBXNativeTarget "PerdiemTests" */;
			buildPhases = (
				7A45D1821307642E00DE1BBE /* Sources */,
				7A45D1831307642E00DE1BBE /* Frameworks */,
				7A45D1841307642E00DE1BBE /* Resources */,
				7A45D1851307642E00DE1BBE /* ShellScript */,
			);
			buildRules = (
			);
			dependencies = (
				7A45D18D1307642E00DE1BBE /* PBXTargetDependency */,
			);
			name = PerdiemTests;
			productName = PerdiemTests;
			productReference = 7A45D1871307642E00DE1BBE /* PerdiemTests.octest */;
			productType = "com.apple.product-type.bundle";
		};
/* End PBXNativeTarget section */

/* Begin PBXProject section */
		7A45D1551307642D00DE1BBE /* Project object */ = {
			isa = PBXProject;
			attributes = {
				ORGANIZATIONNAME = "Franana Games";
			};
			buildConfigurationList = 7A45D1581307642D00DE1BBE /* Build configuration list for PBXProject "Perdiem" */;
			compatibilityVersion = "Xcode 3.2";
			developmentRegion = English;
			hasScannedForEncodings = 0;
			knownRegions = (
				en,
			);
			mainGroup = 7A45D1531307642D00DE1BBE;
			productRefGroup = 7A45D15F1307642E00DE1BBE /* Products */;
			projectDirPath = "";
			projectRoot = "";
			targets = (
				7A45D15D1307642E00DE1BBE /* Perdiem */,
				7A45D1861307642E00DE1BBE /* PerdiemTests */,
			);
		};
/* End PBXProject section */

/* Begin PBXResourcesBuildPhase section */
		7A45D15C1307642E00DE1BBE /* Resources */ = {
			isa = PBXResourcesBuildPhase;
			buildActionMask = 2147483647;
			files = (
				7A45D16F1307642E00DE1BBE /* InfoPlist.strings in Resources */,
				7A45D17B1307642E00DE1BBE /* MainWindow.xib in Resources */,
				7A45D1811307642E00DE1BBE /* RootViewController.xib in Resources */,
				7ACEDF0A13084D7A00106413 /* TaskCell.xib in Resources */,
				7ACEDF411308F6F200106413 /* checked.png in Resources */,
				7ACEDF421308F6F200106413 /* unchecked.png in Resources */,
				7A1BD4CF13099C5B00F52EF6 /* settings.png in Resources */,
			);
			runOnlyForDeploymentPostprocessing = 0;
		};
		7A45D1841307642E00DE1BBE /* Resources */ = {
			isa = PBXResourcesBuildPhase;
			buildActionMask = 2147483647;
			files = (
				7A45D1931307642E00DE1BBE /* InfoPlist.strings in Resources */,
				7A45D1961307642E00DE1BBE /* PerdiemTests.h in Resources */,
			);
			runOnlyForDeploymentPostprocessing = 0;
		};
/* End PBXResourcesBuildPhase section */

/* Begin PBXShellScriptBuildPhase section */
		7A45D1851307642E00DE1BBE /* ShellScript */ = {
			isa = PBXShellScriptBuildPhase;
			buildActionMask = 2147483647;
			files = (
			);
			inputPaths = (
			);
			outputPaths = (
			);
			runOnlyForDeploymentPostprocessing = 0;
			shellPath = /bin/sh;
			shellScript = "# Run the unit tests in this test bundle.\n\"${SYSTEM_DEVELOPER_DIR}/Tools/RunUnitTests\"\n";
		};
/* End PBXShellScriptBuildPhase section */

/* Begin PBXSourcesBuildPhase section */
		7A45D15A1307642E00DE1BBE /* Sources */ = {
			isa = PBXSourcesBuildPhase;
			buildActionMask = 2147483647;
			files = (
				7A45D1721307642E00DE1BBE /* main.m in Sources */,
				7A45D1751307642E00DE1BBE /* PerdiemAppDelegate.m in Sources */,
				7A45D1781307642E00DE1BBE /* Perdiem.xcdatamodeld in Sources */,
				7A45D17E1307642E00DE1BBE /* RootViewController.m in Sources */,
				7AC1516E130781A100DFF2EF /* NewTaskViewController.m in Sources */,
				7AC1517213079B5C00DFF2EF /* TaskViewController.m in Sources */,
				7AC1517513079BC900DFF2EF /* Task.m in Sources */,
				7ACEDF0013084AF100106413 /* TaskCell.m in Sources */,
				7ACEDF201308D9E400106413 /* AICellGradient.m in Sources */,
				7ACEDF291308DDE500106413 /* AINavigationBar.m in Sources */,
				7ACEDF2A1308DDE500106413 /* AIToolBar.m in Sources */,
				7ACEDF2B1308DDE500106413 /* AIButton.m in Sources */,
				7ACEDF321308DE7E00106413 /* AIBarGradient.m in Sources */,
				7ACEDF331308DE7E00106413 /* AIBarGradientMatte.m in Sources */,
				7ACEDF341308DE7E00106413 /* AIShineGloss.m in Sources */,
				7ACEDF371308DE9400106413 /* AIBarGradientMatteBottom.m in Sources */,
				7A1BD4CC13099AD800F52EF6 /* SettingsViewController.m in Sources */,
			);
			runOnlyForDeploymentPostprocessing = 0;
		};
		7A45D1821307642E00DE1BBE /* Sources */ = {
			isa = PBXSourcesBuildPhase;
			buildActionMask = 2147483647;
			files = (
				7A45D1981307642E00DE1BBE /* PerdiemTests.m in Sources */,
			);
			runOnlyForDeploymentPostprocessing = 0;
		};
/* End PBXSourcesBuildPhase section */

/* Begin PBXTargetDependency section */
		7A45D18D1307642E00DE1BBE /* PBXTargetDependency */ = {
			isa = PBXTargetDependency;
			target = 7A45D15D1307642E00DE1BBE /* Perdiem */;
			targetProxy = 7A45D18C1307642E00DE1BBE /* PBXContainerItemProxy */;
		};
/* End PBXTargetDependency section */

/* Begin PBXVariantGroup section */
		7A45D16D1307642E00DE1BBE /* InfoPlist.strings */ = {
			isa = PBXVariantGroup;
			children = (
				7A45D16E1307642E00DE1BBE /* en */,
			);
			name = InfoPlist.strings;
			sourceTree = "<group>";
		};
		7A45D1791307642E00DE1BBE /* MainWindow.xib */ = {
			isa = PBXVariantGroup;
			children = (
				7A45D17A1307642E00DE1BBE /* en */,
			);
			name = MainWindow.xib;
			sourceTree = "<group>";
		};
		7A45D17F1307642E00DE1BBE /* RootViewController.xib */ = {
			isa = PBXVariantGroup;
			children = (
				7A45D1801307642E00DE1BBE /* en */,
			);
			name = RootViewController.xib;
			sourceTree = "<group>";
		};
		7A45D1911307642E00DE1BBE /* InfoPlist.strings */ = {
			isa = PBXVariantGroup;
			children = (
				7A45D1921307642E00DE1BBE /* en */,
			);
			name = InfoPlist.strings;
			sourceTree = "<group>";
		};
/* End PBXVariantGroup section */

/* Begin XCBuildConfiguration section */
		7A45D1991307642E00DE1BBE /* Debug */ = {
			isa = XCBuildConfiguration;
			buildSettings = {
				ARCHS = "$(ARCHS_STANDARD_32_BIT)";
				"CODE_SIGN_IDENTITY[sdk=iphoneos*]" = "iPhone Developer: Jarod Luebbert (JF736V53G4)";
				GCC_C_LANGUAGE_STANDARD = gnu99;
				GCC_OPTIMIZATION_LEVEL = 0;
				GCC_PREPROCESSOR_DEFINITIONS = DEBUG;
				GCC_VERSION = com.apple.compilers.llvmgcc42;
				GCC_WARN_ABOUT_RETURN_TYPE = YES;
				GCC_WARN_UNUSED_VARIABLE = YES;
				IPHONEOS_DEPLOYMENT_TARGET = 4.2;
				"PROVISIONING_PROFILE[sdk=iphoneos*]" = "9F5E38FB-CCC6-4DFA-8049-8FCA9BB6A609";
				SDKROOT = iphoneos;
			};
			name = Debug;
		};
		7A45D19A1307642E00DE1BBE /* Release */ = {
			isa = XCBuildConfiguration;
			buildSettings = {
				ARCHS = "$(ARCHS_STANDARD_32_BIT)";
				"CODE_SIGN_IDENTITY[sdk=iphoneos*]" = "iPhone Developer: Jarod Luebbert (JF736V53G4)";
				GCC_C_LANGUAGE_STANDARD = gnu99;
				GCC_VERSION = com.apple.compilers.llvmgcc42;
				GCC_WARN_ABOUT_RETURN_TYPE = YES;
				GCC_WARN_UNUSED_VARIABLE = YES;
				IPHONEOS_DEPLOYMENT_TARGET = 4.2;
				OTHER_CFLAGS = "-DNS_BLOCK_ASSERTIONS=1";
				"PROVISIONING_PROFILE[sdk=iphoneos*]" = "9F5E38FB-CCC6-4DFA-8049-8FCA9BB6A609";
				SDKROOT = iphoneos;
			};
			name = Release;
		};
		7A45D19C1307642E00DE1BBE /* Debug */ = {
			isa = XCBuildConfiguration;
			buildSettings = {
				ALWAYS_SEARCH_USER_PATHS = NO;
				COPY_PHASE_STRIP = NO;
				GCC_DYNAMIC_NO_PIC = NO;
				GCC_PRECOMPILE_PREFIX_HEADER = YES;
				GCC_PREFIX_HEADER = "Perdiem/Perdiem-Prefix.pch";
				INFOPLIST_FILE = "Perdiem/Perdiem-Info.plist";
				INSTALL_PATH = "$(LOCAL_APPS_DIR)";
				PRODUCT_NAME = "$(TARGET_NAME)";
				WRAPPER_EXTENSION = app;
			};
			name = Debug;
		};
		7A45D19D1307642E00DE1BBE /* Release */ = {
			isa = XCBuildConfiguration;
			buildSettings = {
				ALWAYS_SEARCH_USER_PATHS = NO;
				COPY_PHASE_STRIP = YES;
				GCC_PRECOMPILE_PREFIX_HEADER = YES;
				GCC_PREFIX_HEADER = "Perdiem/Perdiem-Prefix.pch";
				INFOPLIST_FILE = "Perdiem/Perdiem-Info.plist";
				INSTALL_PATH = "$(LOCAL_APPS_DIR)";
				PRODUCT_NAME = "$(TARGET_NAME)";
				VALIDATE_PRODUCT = YES;
				WRAPPER_EXTENSION = app;
			};
			name = Release;
		};
		7A45D19F1307642E00DE1BBE /* Debug */ = {
			isa = XCBuildConfiguration;
			buildSettings = {
				ALWAYS_SEARCH_USER_PATHS = NO;
				BUNDLE_LOADER = "$(BUILT_PRODUCTS_DIR)/Perdiem.app/Perdiem";
				FRAMEWORK_SEARCH_PATHS = (
					"$(SDKROOT)/Developer/Library/Frameworks",
					"$(DEVELOPER_LIBRARY_DIR)/Frameworks",
				);
				GCC_PRECOMPILE_PREFIX_HEADER = YES;
				GCC_PREFIX_HEADER = "PerdiemTests/PerdiemTests-Prefix.pch";
				INFOPLIST_FILE = "PerdiemTests/PerdiemTests-Info.plist";
				OTHER_LDFLAGS = (
					"-framework",
					SenTestingKit,
				);
				PRODUCT_NAME = "$(TARGET_NAME)";
				TEST_HOST = "$(BUNDLE_LOADER)";
				WRAPPER_EXTENSION = octest;
			};
			name = Debug;
		};
		7A45D1A01307642E00DE1BBE /* Release */ = {
			isa = XCBuildConfiguration;
			buildSettings = {
				ALWAYS_SEARCH_USER_PATHS = NO;
				BUNDLE_LOADER = "$(BUILT_PRODUCTS_DIR)/Perdiem.app/Perdiem";
				FRAMEWORK_SEARCH_PATHS = (
					"$(SDKROOT)/Developer/Library/Frameworks",
					"$(DEVELOPER_LIBRARY_DIR)/Frameworks",
				);
				GCC_PRECOMPILE_PREFIX_HEADER = YES;
				GCC_PREFIX_HEADER = "PerdiemTests/PerdiemTests-Prefix.pch";
				INFOPLIST_FILE = "PerdiemTests/PerdiemTests-Info.plist";
				OTHER_LDFLAGS = (
					"-framework",
					SenTestingKit,
				);
				PRODUCT_NAME = "$(TARGET_NAME)";
				TEST_HOST = "$(BUNDLE_LOADER)";
				WRAPPER_EXTENSION = octest;
			};
			name = Release;
		};
/* End XCBuildConfiguration section */

/* Begin XCConfigurationList section */
		7A45D1581307642D00DE1BBE /* Build configuration list for PBXProject "Perdiem" */ = {
			isa = XCConfigurationList;
			buildConfigurations = (
				7A45D1991307642E00DE1BBE /* Debug */,
				7A45D19A1307642E00DE1BBE /* Release */,
			);
			defaultConfigurationIsVisible = 0;
			defaultConfigurationName = Release;
		};
		7A45D19B1307642E00DE1BBE /* Build configuration list for PBXNativeTarget "Perdiem" */ = {
			isa = XCConfigurationList;
			buildConfigurations = (
				7A45D19C1307642E00DE1BBE /* Debug */,
				7A45D19D1307642E00DE1BBE /* Release */,
			);
			defaultConfigurationIsVisible = 0;
			defaultConfigurationName = Release;
		};
		7A45D19E1307642E00DE1BBE /* Build configuration list for PBXNativeTarget "PerdiemTests" */ = {
			isa = XCConfigurationList;
			buildConfigurations = (
				7A45D19F1307642E00DE1BBE /* Debug */,
				7A45D1A01307642E00DE1BBE /* Release */,
			);
			defaultConfigurationIsVisible = 0;
			defaultConfigurationName = Release;
		};
/* End XCConfigurationList section */

/* Begin XCVersionGroup section */
		7A45D1761307642E00DE1BBE /* Perdiem.xcdatamodeld */ = {
			isa = XCVersionGroup;
			children = (
				7A45D1A11307648000DE1BBE /* Perdiem 2.xcdatamodel */,
				7A45D1A21307654200DE1BBE /* Perdiem 3.xcdatamodel */,
				7ACEDF11130866A900106413 /* Perdiem 4.xcdatamodel */,
				7ACEDF1813088E0B00106413 /* Perdiem 5.xcdatamodel */,
				7A45D1771307642E00DE1BBE /* Perdiem.xcdatamodel */,
			);
			currentVersion = 7ACEDF1813088E0B00106413 /* Perdiem 5.xcdatamodel */;
			path = Perdiem.xcdatamodeld;
			sourceTree = "<group>";
			versionGroupType = wrapper.xcdatamodel;
		};
/* End XCVersionGroup section */
	};
	rootObject = 7A45D1551307642D00DE1BBE /* Project object */;
}
